// !$*UTF8*$!
{
	archiveVersion = 1;
	classes = {
	};
	objectVersion = 48;
	objects = {

/* Begin PBXBuildFile section */
		310D91930BBECF6600FEA3C5 /* MPQKit.framework in Frameworks */ = {isa = PBXBuildFile; fileRef = 3123119F0549EE5D00833907 /* MPQKit.framework */; };
		310D91970BBECF6D00FEA3C5 /* Cocoa.framework in Frameworks */ = {isa = PBXBuildFile; fileRef = 310D91590BBECCC800FEA3C5 /* Cocoa.framework */; };
		310D919C0BBECF9500FEA3C5 /* MPQKit.framework in CopyFiles */ = {isa = PBXBuildFile; fileRef = 3123119F0549EE5D00833907 /* MPQKit.framework */; settings = {ATTRIBUTES = (CodeSignOnCopy, ); }; };
		310D91F50BBED5D000FEA3C5 /* MPQFSApplicationDelegate.m in Sources */ = {isa = PBXBuildFile; fileRef = 310D91F30BBED5D000FEA3C5 /* MPQFSApplicationDelegate.m */; };
		310D92DC0BBEF7A800FEA3C5 /* Fuse.icns in Resources */ = {isa = PBXBuildFile; fileRef = 310D92DB0BBEF7A800FEA3C5 /* Fuse.icns */; };
		3112FEE90C38A0B100992F8F /* MPQArchivePriorityProxy.h in Headers */ = {isa = PBXBuildFile; fileRef = 3112FEE70C38A0B100992F8F /* MPQArchivePriorityProxy.h */; settings = {ATTRIBUTES = (Public, ); }; };
		3112FEEA0C38A0B100992F8F /* MPQArchivePriorityProxy.m in Sources */ = {isa = PBXBuildFile; fileRef = 3112FEE80C38A0B100992F8F /* MPQArchivePriorityProxy.m */; };
		3116E32E0CD7929D0090DA6B /* mpqfs.xib in Resources */ = {isa = PBXBuildFile; fileRef = 3116E32C0CD7929D0090DA6B /* mpqfs.xib */; };
		312311C70549F0D300833907 /* NSStringAdditions.h in Headers */ = {isa = PBXBuildFile; fileRef = 3133BFC304C8EB0800A80102 /* NSStringAdditions.h */; settings = {ATTRIBUTES = (Public, ); }; };
		312311C80549F0D300833907 /* NSStringAdditions.m in Sources */ = {isa = PBXBuildFile; fileRef = 3133BFC404C8EB0800A80102 /* NSStringAdditions.m */; };
		312311CC0549F0F100833907 /* crc32.c in Sources */ = {isa = PBXBuildFile; fileRef = 31CFD34E04A1592C00A80102 /* crc32.c */; };
		312311CE0549F0F100833907 /* explode.c in Sources */ = {isa = PBXBuildFile; fileRef = 31CFD35004A1592C00A80102 /* explode.c */; };
		312311D10549F0F100833907 /* implode.c in Sources */ = {isa = PBXBuildFile; fileRef = 31CFD35104A1592C00A80102 /* implode.c */; };
		312311D20549F0F100833907 /* pklib.h in Headers */ = {isa = PBXBuildFile; fileRef = 31CFD34F04A1592C00A80102 /* pklib.h */; settings = {ATTRIBUTES = (Private, ); }; };
		312311D30549F0F100833907 /* SCompression.cpp in Sources */ = {isa = PBXBuildFile; fileRef = 31CFD3C704A1606D00A80102 /* SCompression.cpp */; };
		312311D40549F0F100833907 /* SCompression.h in Headers */ = {isa = PBXBuildFile; fileRef = 313E4BDE04A2C80700A80102 /* SCompression.h */; settings = {ATTRIBUTES = (Private, ); }; };
		312311D60549F0F100833907 /* wave.h in Headers */ = {isa = PBXBuildFile; fileRef = 31CFD34C04A1592C00A80102 /* wave.h */; settings = {ATTRIBUTES = (Private, ); }; };
		312311E10549F18700833907 /* MPQCryptography.h in Headers */ = {isa = PBXBuildFile; fileRef = F568E751034FC7B001000102 /* MPQCryptography.h */; settings = {ATTRIBUTES = (Public, ); }; };
		312311E20549F18A00833907 /* MPQCryptography.c in Sources */ = {isa = PBXBuildFile; fileRef = F568E752034FC7B001000102 /* MPQCryptography.c */; };
		3123127A0549F1B900833907 /* MPQSharedConstants.h in Headers */ = {isa = PBXBuildFile; fileRef = F5AA721B034908F301000102 /* MPQSharedConstants.h */; settings = {ATTRIBUTES = (Public, ); }; };
		3123128D0549F20700833907 /* MPQKit.h in Headers */ = {isa = PBXBuildFile; fileRef = F525C282035CB03701000102 /* MPQKit.h */; settings = {ATTRIBUTES = (Public, ); }; };
		3123128E0549F21A00833907 /* MPQFileInfoEnumerator.m in Sources */ = {isa = PBXBuildFile; fileRef = F56CED40036B027201000102 /* MPQFileInfoEnumerator.m */; };
		3123128F0549F21A00833907 /* MPQArchive.m in Sources */ = {isa = PBXBuildFile; fileRef = 31BAC6BA03D63FDA00A80102 /* MPQArchive.m */; };
		312312900549F21A00833907 /* MPQFile.m in Sources */ = {isa = PBXBuildFile; fileRef = F5AA7218034908BB01000102 /* MPQFile.m */; };
		312312990549F28700833907 /* MPQFileInfoEnumerator.h in Headers */ = {isa = PBXBuildFile; fileRef = F56CED3F036B027201000102 /* MPQFileInfoEnumerator.h */; settings = {ATTRIBUTES = (Private, ); }; };
		3123129E0549F2A500833907 /* MPQArchive.h in Headers */ = {isa = PBXBuildFile; fileRef = F53AFA24034A8CA501000102 /* MPQArchive.h */; settings = {ATTRIBUTES = (Public, ); }; };
		3123129F0549F2A700833907 /* MPQFile.h in Headers */ = {isa = PBXBuildFile; fileRef = F5AA7217034908BB01000102 /* MPQFile.h */; settings = {ATTRIBUTES = (Public, ); }; };
		312443EB0B474D98004DB138 /* MPQErrors.h in Headers */ = {isa = PBXBuildFile; fileRef = 312443EA0B474D98004DB138 /* MPQErrors.h */; settings = {ATTRIBUTES = (Public, ); }; };
		312444120B47532F004DB138 /* PHSErrorMacros.h in Headers */ = {isa = PBXBuildFile; fileRef = 312444110B47532F004DB138 /* PHSErrorMacros.h */; };
		312444220B475387004DB138 /* MPQErrors.m in Sources */ = {isa = PBXBuildFile; fileRef = 312444210B475387004DB138 /* MPQErrors.m */; };
		314C60E40C18B114005BBE02 /* MPQFilePrivate.h in Headers */ = {isa = PBXBuildFile; fileRef = 314C60E30C18B114005BBE02 /* MPQFilePrivate.h */; settings = {ATTRIBUTES = (Private, ); }; };
		314C61000C18B273005BBE02 /* MPQKit.framework in Frameworks */ = {isa = PBXBuildFile; fileRef = 3123119F0549EE5D00833907 /* MPQKit.framework */; };
		314C610C0C18B43E005BBE02 /* mpqdumpsectors.m in Sources */ = {isa = PBXBuildFile; fileRef = 314C610B0C18B43E005BBE02 /* mpqdumpsectors.m */; };
		3150DB930AF455C300CF2965 /* Public RSA Keys in Resources */ = {isa = PBXBuildFile; fileRef = 3150DB8C0AF455C300CF2965 /* Public RSA Keys */; };
		315E3DA80F4D477A00CEFCFB /* RXVersionComparator.m in Sources */ = {isa = PBXBuildFile; fileRef = 315E3DA70F4D477A00CEFCFB /* RXVersionComparator.m */; };
		315FB6D40C374F9A00475D07 /* wave.c in Sources */ = {isa = PBXBuildFile; fileRef = 315FB6D30C374F9A00475D07 /* wave.c */; };
		316186EF0C3DF5830024CABB /* MPQArchivePrivate.h in Headers */ = {isa = PBXBuildFile; fileRef = 316186EE0C3DF5830024CABB /* MPQArchivePrivate.h */; settings = {ATTRIBUTES = (Private, ); }; };
		316FE2750ADF74B3002BC846 /* NSArrayListfileAdditions.h in Headers */ = {isa = PBXBuildFile; fileRef = 316FE2730ADF74B3002BC846 /* NSArrayListfileAdditions.h */; settings = {ATTRIBUTES = (Public, ); }; };
		316FE2760ADF74B3002BC846 /* NSArrayListfileAdditions.m in Sources */ = {isa = PBXBuildFile; fileRef = 316FE2740ADF74B3002BC846 /* NSArrayListfileAdditions.m */; };
		3173395A05B74E47003755C5 /* NSDateNTFSAdditions.h in Headers */ = {isa = PBXBuildFile; fileRef = 3173395805B74E47003755C5 /* NSDateNTFSAdditions.h */; settings = {ATTRIBUTES = (Public, ); }; };
		3173395B05B74E47003755C5 /* NSDateNTFSAdditions.m in Sources */ = {isa = PBXBuildFile; fileRef = 3173395905B74E47003755C5 /* NSDateNTFSAdditions.m */; };
		31767CCC0C13A4FA0015A006 /* huff.cpp in Sources */ = {isa = PBXBuildFile; fileRef = 31767CCA0C13A4FA0015A006 /* huff.cpp */; };
		31767CCD0C13A4FA0015A006 /* huff.h in Headers */ = {isa = PBXBuildFile; fileRef = 31767CCB0C13A4FA0015A006 /* huff.h */; settings = {ATTRIBUTES = (Private, ); }; };
		319811340BC2EF85009C3E08 /* listfiles in Resources */ = {isa = PBXBuildFile; fileRef = 319811260BC2EF85009C3E08 /* listfiles */; };
		319980140B4D8B4600D4FE4E /* NSDataCryptoAdditions.m in Sources */ = {isa = PBXBuildFile; fileRef = 31E15FAC0AE1D8E6008AB3D2 /* NSDataCryptoAdditions.m */; };
		319980160B4D8B4600D4FE4E /* MPQKit.framework in Frameworks */ = {isa = PBXBuildFile; fileRef = 3123119F0549EE5D00833907 /* MPQKit.framework */; };
		3199802C0B4D8C3000D4FE4E /* mpqdump.m in Sources */ = {isa = PBXBuildFile; fileRef = 319980080B4D8AFF00D4FE4E /* mpqdump.m */; };
		31A6B007068C07F80089D443 /* Foundation.framework in Frameworks */ = {isa = PBXBuildFile; fileRef = 31A6B005068C07F80089D443 /* Foundation.framework */; };
		31A82B9D0C5A8CFA0011E8E4 /* MPQKitPrivate.h in Headers */ = {isa = PBXBuildFile; fileRef = 31A82B9C0C5A8CFA0011E8E4 /* MPQKitPrivate.h */; settings = {ATTRIBUTES = (Private, ); }; };
		31A8A50E0BC1455A001F583D /* mpqfs.m in Sources */ = {isa = PBXBuildFile; fileRef = 31A8A50D0BC1455A001F583D /* mpqfs.m */; };
		31A8A51A0BC145CD001F583D /* mpqfsd.m in Sources */ = {isa = PBXBuildFile; fileRef = 31B8088D0BB84E7E001F9B73 /* mpqfsd.m */; };
		31A8A51B0BC145D1001F583D /* MPQFileSystem.m in Sources */ = {isa = PBXBuildFile; fileRef = 31B808940BB85067001F9B73 /* MPQFileSystem.m */; };
		31A8A51C0BC145F6001F583D /* libfuse.dylib in Frameworks */ = {isa = PBXBuildFile; fileRef = 3191CA7D0BB859180004E8AA /* libfuse.dylib */; };
		31A8A51D0BC145F6001F583D /* Foundation.framework in Frameworks */ = {isa = PBXBuildFile; fileRef = 31A6B005068C07F80089D443 /* Foundation.framework */; };
		31A8A5390BC1478B001F583D /* MPQKit.framework in Frameworks */ = {isa = PBXBuildFile; fileRef = 3123119F0549EE5D00833907 /* MPQKit.framework */; };
		31A8A5450BC147D7001F583D /* mpqfsd in CopyFiles */ = {isa = PBXBuildFile; fileRef = 31A8A4FB0BC14502001F583D /* mpqfsd */; settings = {ATTRIBUTES = (CodeSignOnCopy, ); }; };
		31A8A5B70BC14B72001F583D /* InfoPlist.strings in Resources */ = {isa = PBXBuildFile; fileRef = 31A8A5B60BC14B72001F583D /* InfoPlist.strings */; };
		31A8A5CD0BC14CC7001F583D /* mpq.icns in Resources */ = {isa = PBXBuildFile; fileRef = 31A8A5CC0BC14CC7001F583D /* mpq.icns */; };
		31C01A410F64584B000CAEA3 /* Foundation.framework in Frameworks */ = {isa = PBXBuildFile; fileRef = 31A6B005068C07F80089D443 /* Foundation.framework */; };
		31C01A550F6459FC000CAEA3 /* Preferences.xib in Resources */ = {isa = PBXBuildFile; fileRef = 31C01A530F6459FC000CAEA3 /* Preferences.xib */; };
		31C01A680F645E88000CAEA3 /* DQImportPreferences.m in Sources */ = {isa = PBXBuildFile; fileRef = 31C01A630F645E88000CAEA3 /* DQImportPreferences.m */; };
		31C01A690F645E88000CAEA3 /* DQImportPreferences.tiff in Resources */ = {isa = PBXBuildFile; fileRef = 31C01A640F645E88000CAEA3 /* DQImportPreferences.tiff */; };
		31C01A6A0F645E88000CAEA3 /* DQMiscellaneousPreferences.m in Sources */ = {isa = PBXBuildFile; fileRef = 31C01A660F645E88000CAEA3 /* DQMiscellaneousPreferences.m */; };
		31C01A6B0F645E88000CAEA3 /* DQMiscellaneousPreferences.tiff in Resources */ = {isa = PBXBuildFile; fileRef = 31C01A670F645E88000CAEA3 /* DQMiscellaneousPreferences.tiff */; };
		31C01A730F645F60000CAEA3 /* DQPreferenceController.m in Sources */ = {isa = PBXBuildFile; fileRef = 31C01A720F645F60000CAEA3 /* DQPreferenceController.m */; };
		31C01A850F6461B1000CAEA3 /* DQPreferenceWindowController.m in Sources */ = {isa = PBXBuildFile; fileRef = 31C01A840F6461B1000CAEA3 /* DQPreferenceWindowController.m */; };
		31C1EA9A0D33D00400DAE1F4 /* MPQByteOrder.h in Headers */ = {isa = PBXBuildFile; fileRef = 31C1EA980D33D00400DAE1F4 /* MPQByteOrder.h */; settings = {ATTRIBUTES = (Public, ); }; };
		31C2FF610B8FDA9C000C1DB5 /* CoreServices.framework in Frameworks */ = {isa = PBXBuildFile; fileRef = 31C2FF600B8FDA9C000C1DB5 /* CoreServices.framework */; };
		31CEEFD90C04FA3D001ACC9A /* MPQDataSource.h in Headers */ = {isa = PBXBuildFile; fileRef = 31CEEFD70C04FA3D001ACC9A /* MPQDataSource.h */; settings = {ATTRIBUTES = (Private, ); }; };
		31CEEFDA0C04FA3D001ACC9A /* MPQDataSource.m in Sources */ = {isa = PBXBuildFile; fileRef = 31CEEFD80C04FA3D001ACC9A /* MPQDataSource.m */; };
		31DD6C9A0AEAF41B002CDD2C /* Security.framework in Frameworks */ = {isa = PBXBuildFile; fileRef = 31DD6C990AEAF41B002CDD2C /* Security.framework */; };
		31F78D030F4E74CD00759CD7 /* Sparkle.framework in Frameworks */ = {isa = PBXBuildFile; fileRef = 31F78D020F4E74CD00759CD7 /* Sparkle.framework */; };
		31F78D130F4E74ED00759CD7 /* Sparkle.framework in CopyFiles */ = {isa = PBXBuildFile; fileRef = 31F78D020F4E74CD00759CD7 /* Sparkle.framework */; settings = {ATTRIBUTES = (CodeSignOnCopy, ); }; };
		31FE1B090F4E78B70046698D /* sparkle.pem in Resources */ = {isa = PBXBuildFile; fileRef = 31FE1B070F4E78B70046698D /* sparkle.pem */; };
		31FE1B3B0F4E7BF50046698D /* FocusRingView.m in Sources */ = {isa = PBXBuildFile; fileRef = 31FE1A580F4E75A70046698D /* FocusRingView.m */; };
		31FE1B3C0F4E7BF50046698D /* DropMPQController.m in Sources */ = {isa = PBXBuildFile; fileRef = 31FE1A500F4E75A70046698D /* DropMPQController.m */; };
		31FE1B3D0F4E7BF60046698D /* dropmpq.m in Sources */ = {isa = PBXBuildFile; fileRef = 31FE1A940F4E75A70046698D /* dropmpq.m */; };
		31FE1B4C0F4E7CE10046698D /* Sparkle.framework in Frameworks */ = {isa = PBXBuildFile; fileRef = 31F78D020F4E74CD00759CD7 /* Sparkle.framework */; };
		31FE1B4D0F4E7CE40046698D /* Cocoa.framework in Frameworks */ = {isa = PBXBuildFile; fileRef = 310D91590BBECCC800FEA3C5 /* Cocoa.framework */; };
		31FE1B510F4E7CEA0046698D /* MPQKit.framework in Frameworks */ = {isa = PBXBuildFile; fileRef = 3123119F0549EE5D00833907 /* MPQKit.framework */; };
		31FE1B8C0F4E7EB60046698D /* sparkle.pem in Resources */ = {isa = PBXBuildFile; fileRef = 31FE1B070F4E78B70046698D /* sparkle.pem */; };
		31FE1B950F4E7ECA0046698D /* Credits.rtf in Resources */ = {isa = PBXBuildFile; fileRef = 31FE1A510F4E75A70046698D /* Credits.rtf */; };
		31FE1B960F4E7ECA0046698D /* dropmpq.icns in Resources */ = {isa = PBXBuildFile; fileRef = 31FE1A910F4E75A70046698D /* dropmpq.icns */; };
		31FE1B980F4E7ECA0046698D /* MainMenu.xib in Resources */ = {isa = PBXBuildFile; fileRef = 31FE1A550F4E75A70046698D /* MainMenu.xib */; };
		31FE1B990F4E7ECA0046698D /* InfoPlist.strings in Resources */ = {isa = PBXBuildFile; fileRef = 31FE1A530F4E75A70046698D /* InfoPlist.strings */; };
		31FE1BA50F4E7EED0046698D /* MPQKit.framework in CopyFiles */ = {isa = PBXBuildFile; fileRef = 3123119F0549EE5D00833907 /* MPQKit.framework */; settings = {ATTRIBUTES = (CodeSignOnCopy, ); }; };
		31FE1BBC0F4E7EF10046698D /* Sparkle.framework in CopyFiles */ = {isa = PBXBuildFile; fileRef = 31F78D020F4E74CD00759CD7 /* Sparkle.framework */; settings = {ATTRIBUTES = (CodeSignOnCopy, ); }; };
		31FE1C550F4E81890046698D /* RXVersionComparator.m in Sources */ = {isa = PBXBuildFile; fileRef = 315E3DA70F4D477A00CEFCFB /* RXVersionComparator.m */; };
/* End PBXBuildFile section */

/* Begin PBXContainerItemProxy section */
		314C60FB0C18B273005BBE02 /* PBXContainerItemProxy */ = {
			isa = PBXContainerItemProxy;
			containerPortal = 0867D690FE84028FC02AAC07 /* Project object */;
			proxyType = 1;
			remoteGlobalIDString = 3123119E0549EE5D00833907;
			remoteInfo = MPQKit;
		};
		319980110B4D8B4600D4FE4E /* PBXContainerItemProxy */ = {
			isa = PBXContainerItemProxy;
			containerPortal = 0867D690FE84028FC02AAC07 /* Project object */;
			proxyType = 1;
			remoteGlobalIDString = 3123119E0549EE5D00833907;
			remoteInfo = MPQKit;
		};
		31A8A4FD0BC14506001F583D /* PBXContainerItemProxy */ = {
			isa = PBXContainerItemProxy;
			containerPortal = 0867D690FE84028FC02AAC07 /* Project object */;
			proxyType = 1;
			remoteGlobalIDString = 3123119E0549EE5D00833907;
			remoteInfo = MPQKit;
		};
		31A8A5010BC14511001F583D /* PBXContainerItemProxy */ = {
			isa = PBXContainerItemProxy;
			containerPortal = 0867D690FE84028FC02AAC07 /* Project object */;
			proxyType = 1;
			remoteGlobalIDString = 3123119E0549EE5D00833907;
			remoteInfo = MPQKit;
		};
		31A8A5030BC14511001F583D /* PBXContainerItemProxy */ = {
			isa = PBXContainerItemProxy;
			containerPortal = 0867D690FE84028FC02AAC07 /* Project object */;
			proxyType = 1;
			remoteGlobalIDString = 31A8A4FA0BC14502001F583D;
			remoteInfo = mpqfsd;
		};
		31FE1BC60F4E7F430046698D /* PBXContainerItemProxy */ = {
			isa = PBXContainerItemProxy;
			containerPortal = 0867D690FE84028FC02AAC07 /* Project object */;
			proxyType = 1;
			remoteGlobalIDString = 3123119E0549EE5D00833907;
			remoteInfo = MPQKit;
		};
/* End PBXContainerItemProxy section */

/* Begin PBXCopyFilesBuildPhase section */
		310D91980BBECF8400FEA3C5 /* CopyFiles */ = {
			isa = PBXCopyFilesBuildPhase;
			buildActionMask = 2147483647;
			dstPath = "";
			dstSubfolderSpec = 10;
			files = (
				31F78D130F4E74ED00759CD7 /* Sparkle.framework in CopyFiles */,
				310D919C0BBECF9500FEA3C5 /* MPQKit.framework in CopyFiles */,
			);
			runOnlyForDeploymentPostprocessing = 0;
		};
		31A8A5410BC147BC001F583D /* CopyFiles */ = {
			isa = PBXCopyFilesBuildPhase;
			buildActionMask = 2147483647;
			dstPath = "";
			dstSubfolderSpec = 6;
			files = (
				31A8A5450BC147D7001F583D /* mpqfsd in CopyFiles */,
			);
			runOnlyForDeploymentPostprocessing = 0;
		};
		31FE1BBF0F4E7F0F0046698D /* CopyFiles */ = {
			isa = PBXCopyFilesBuildPhase;
			buildActionMask = 2147483647;
			dstPath = "";
			dstSubfolderSpec = 10;
			files = (
				31FE1BBC0F4E7EF10046698D /* Sparkle.framework in CopyFiles */,
				31FE1BA50F4E7EED0046698D /* MPQKit.framework in CopyFiles */,
			);
			runOnlyForDeploymentPostprocessing = 0;
		};
/* End PBXCopyFilesBuildPhase section */

/* Begin PBXFileReference section */
		089C1667FE841158C02AAC07 /* English */ = {isa = PBXFileReference; fileEncoding = 10; lastKnownFileType = text.plist.strings; name = English; path = English.lproj/InfoPlist.strings; sourceTree = "<group>"; };
		310D91590BBECCC800FEA3C5 /* Cocoa.framework */ = {isa = PBXFileReference; lastKnownFileType = wrapper.framework; name = Cocoa.framework; path = /System/Library/Frameworks/Cocoa.framework; sourceTree = "<absolute>"; };
		310D91840BBECE5100FEA3C5 /* mpqfs.app */ = {isa = PBXFileReference; explicitFileType = wrapper.application; includeInIndex = 0; path = mpqfs.app; sourceTree = BUILT_PRODUCTS_DIR; };
		310D91860BBECE5100FEA3C5 /* mpqfs-Info.plist */ = {isa = PBXFileReference; lastKnownFileType = text.plist.xml; name = "mpqfs-Info.plist"; path = "mpqfs/mpqfs-Info.plist"; sourceTree = "<group>"; };
		310D91F20BBED5D000FEA3C5 /* MPQFSApplicationDelegate.h */ = {isa = PBXFileReference; fileEncoding = 4; lastKnownFileType = sourcecode.c.h; name = MPQFSApplicationDelegate.h; path = mpqfs/MPQFSApplicationDelegate.h; sourceTree = "<group>"; };
		310D91F30BBED5D000FEA3C5 /* MPQFSApplicationDelegate.m */ = {isa = PBXFileReference; fileEncoding = 4; lastKnownFileType = sourcecode.c.objc; name = MPQFSApplicationDelegate.m; path = mpqfs/MPQFSApplicationDelegate.m; sourceTree = "<group>"; };
		310D92DB0BBEF7A800FEA3C5 /* Fuse.icns */ = {isa = PBXFileReference; lastKnownFileType = image.icns; name = Fuse.icns; path = mpqfs/Fuse.icns; sourceTree = "<group>"; };
		3112FEE70C38A0B100992F8F /* MPQArchivePriorityProxy.h */ = {isa = PBXFileReference; fileEncoding = 4; lastKnownFileType = sourcecode.c.h; path = MPQArchivePriorityProxy.h; sourceTree = "<group>"; };
		3112FEE80C38A0B100992F8F /* MPQArchivePriorityProxy.m */ = {isa = PBXFileReference; fileEncoding = 4; lastKnownFileType = sourcecode.c.objc; path = MPQArchivePriorityProxy.m; sourceTree = "<group>"; };
		3116E32D0CD7929D0090DA6B /* English */ = {isa = PBXFileReference; lastKnownFileType = file.xib; name = English; path = mpqfs/English.lproj/mpqfs.xib; sourceTree = "<group>"; };
		3123119F0549EE5D00833907 /* MPQKit.framework */ = {isa = PBXFileReference; explicitFileType = wrapper.framework; includeInIndex = 0; path = MPQKit.framework; sourceTree = BUILT_PRODUCTS_DIR; };
		312311A60549EF9B00833907 /* MPQ-Info.plist */ = {isa = PBXFileReference; fileEncoding = 30; lastKnownFileType = text.plist; path = "MPQ-Info.plist"; sourceTree = "<group>"; };
		312443EA0B474D98004DB138 /* MPQErrors.h */ = {isa = PBXFileReference; fileEncoding = 4; lastKnownFileType = sourcecode.c.h; path = MPQErrors.h; sourceTree = "<group>"; };
		312444110B47532F004DB138 /* PHSErrorMacros.h */ = {isa = PBXFileReference; fileEncoding = 4; lastKnownFileType = sourcecode.c.h; path = PHSErrorMacros.h; sourceTree = "<group>"; };
		312444210B475387004DB138 /* MPQErrors.m */ = {isa = PBXFileReference; fileEncoding = 4; indentWidth = 4; lastKnownFileType = sourcecode.c.objc; path = MPQErrors.m; sourceTree = "<group>"; tabWidth = 4; usesTabs = 1; };
		3133BFC304C8EB0800A80102 /* NSStringAdditions.h */ = {isa = PBXFileReference; fileEncoding = 4; lastKnownFileType = sourcecode.c.h; path = NSStringAdditions.h; sourceTree = "<group>"; };
		3133BFC404C8EB0800A80102 /* NSStringAdditions.m */ = {isa = PBXFileReference; fileEncoding = 4; lastKnownFileType = sourcecode.c.objc; path = NSStringAdditions.m; sourceTree = "<group>"; };
		313E4BDE04A2C80700A80102 /* SCompression.h */ = {isa = PBXFileReference; fileEncoding = 4; lastKnownFileType = sourcecode.c.h; name = SCompression.h; path = stormlib2/SCompression.h; sourceTree = "<group>"; };
		314C60E30C18B114005BBE02 /* MPQFilePrivate.h */ = {isa = PBXFileReference; fileEncoding = 4; lastKnownFileType = sourcecode.c.h; path = MPQFilePrivate.h; sourceTree = "<group>"; };
		314C61040C18B273005BBE02 /* mpqdumpsectors */ = {isa = PBXFileReference; explicitFileType = "compiled.mach-o.executable"; includeInIndex = 0; path = mpqdumpsectors; sourceTree = BUILT_PRODUCTS_DIR; };
		314C610B0C18B43E005BBE02 /* mpqdumpsectors.m */ = {isa = PBXFileReference; fileEncoding = 4; lastKnownFileType = sourcecode.c.objc; path = mpqdumpsectors.m; sourceTree = "<group>"; };
		3150DB8C0AF455C300CF2965 /* Public RSA Keys */ = {isa = PBXFileReference; lastKnownFileType = folder; path = "Public RSA Keys"; sourceTree = "<group>"; };
		315E3DA60F4D477A00CEFCFB /* RXVersionComparator.h */ = {isa = PBXFileReference; fileEncoding = 4; lastKnownFileType = sourcecode.c.h; name = RXVersionComparator.h; path = mpqfs/RXVersionComparator.h; sourceTree = "<group>"; };
		315E3DA70F4D477A00CEFCFB /* RXVersionComparator.m */ = {isa = PBXFileReference; fileEncoding = 4; lastKnownFileType = sourcecode.c.objc; name = RXVersionComparator.m; path = mpqfs/RXVersionComparator.m; sourceTree = "<group>"; };
		315FB6D30C374F9A00475D07 /* wave.c */ = {isa = PBXFileReference; fileEncoding = 4; lastKnownFileType = sourcecode.c.c; name = wave.c; path = stormlib2/wave/wave.c; sourceTree = "<group>"; };
		316186EE0C3DF5830024CABB /* MPQArchivePrivate.h */ = {isa = PBXFileReference; fileEncoding = 4; lastKnownFileType = sourcecode.c.h; path = MPQArchivePrivate.h; sourceTree = "<group>"; };
		316FE2730ADF74B3002BC846 /* NSArrayListfileAdditions.h */ = {isa = PBXFileReference; fileEncoding = 4; lastKnownFileType = sourcecode.c.h; path = NSArrayListfileAdditions.h; sourceTree = "<group>"; };
		316FE2740ADF74B3002BC846 /* NSArrayListfileAdditions.m */ = {isa = PBXFileReference; fileEncoding = 4; lastKnownFileType = sourcecode.c.objc; path = NSArrayListfileAdditions.m; sourceTree = "<group>"; };
		3173395805B74E47003755C5 /* NSDateNTFSAdditions.h */ = {isa = PBXFileReference; fileEncoding = 4; lastKnownFileType = sourcecode.c.h; path = NSDateNTFSAdditions.h; sourceTree = "<group>"; };
		3173395905B74E47003755C5 /* NSDateNTFSAdditions.m */ = {isa = PBXFileReference; fileEncoding = 4; lastKnownFileType = sourcecode.c.objc; path = NSDateNTFSAdditions.m; sourceTree = "<group>"; };
		31767CCA0C13A4FA0015A006 /* huff.cpp */ = {isa = PBXFileReference; fileEncoding = 4; lastKnownFileType = sourcecode.cpp.cpp; name = huff.cpp; path = stormlib2/huffman/huff.cpp; sourceTree = "<group>"; };
		31767CCB0C13A4FA0015A006 /* huff.h */ = {isa = PBXFileReference; fileEncoding = 4; lastKnownFileType = sourcecode.c.h; name = huff.h; path = stormlib2/huffman/huff.h; sourceTree = "<group>"; };
		3191CA7D0BB859180004E8AA /* libfuse.dylib */ = {isa = PBXFileReference; lastKnownFileType = "compiled.mach-o.dylib"; name = libfuse.dylib; path = /usr/local/lib/libfuse.dylib; sourceTree = "<absolute>"; };
		319811260BC2EF85009C3E08 /* listfiles */ = {isa = PBXFileReference; lastKnownFileType = folder; name = listfiles; path = mpqfs/listfiles; sourceTree = "<group>"; };
		319980080B4D8AFF00D4FE4E /* mpqdump.m */ = {isa = PBXFileReference; fileEncoding = 4; lastKnownFileType = sourcecode.c.objc; path = mpqdump.m; sourceTree = "<group>"; };
		3199801A0B4D8B4600D4FE4E /* mpqdump */ = {isa = PBXFileReference; explicitFileType = "compiled.mach-o.executable"; includeInIndex = 0; path = mpqdump; sourceTree = BUILT_PRODUCTS_DIR; };
		31A6B005068C07F80089D443 /* Foundation.framework */ = {isa = PBXFileReference; lastKnownFileType = wrapper.framework; name = Foundation.framework; path = /System/Library/Frameworks/Foundation.framework; sourceTree = "<absolute>"; };
		31A82B9C0C5A8CFA0011E8E4 /* MPQKitPrivate.h */ = {isa = PBXFileReference; fileEncoding = 4; lastKnownFileType = sourcecode.c.h; path = MPQKitPrivate.h; sourceTree = "<group>"; };
		31A8A4FB0BC14502001F583D /* mpqfsd */ = {isa = PBXFileReference; explicitFileType = "compiled.mach-o.executable"; includeInIndex = 0; path = mpqfsd; sourceTree = BUILT_PRODUCTS_DIR; };
		31A8A50D0BC1455A001F583D /* mpqfs.m */ = {isa = PBXFileReference; fileEncoding = 4; lastKnownFileType = sourcecode.c.objc; name = mpqfs.m; path = mpqfs/mpqfs.m; sourceTree = "<group>"; };
		31A8A5B10BC14B43001F583D /* English */ = {isa = PBXFileReference; fileEncoding = 4; lastKnownFileType = text.plist.strings; name = English; path = mpqfs/English.lproj/InfoPlist.strings; sourceTree = "<group>"; };
		31A8A5CC0BC14CC7001F583D /* mpq.icns */ = {isa = PBXFileReference; lastKnownFileType = image.icns; name = mpq.icns; path = mpqfs/mpq.icns; sourceTree = "<group>"; };
		31B8088D0BB84E7E001F9B73 /* mpqfsd.m */ = {isa = PBXFileReference; fileEncoding = 4; lastKnownFileType = sourcecode.c.objc; name = mpqfsd.m; path = mpqfs/mpqfsd.m; sourceTree = "<group>"; };
		31B808930BB85067001F9B73 /* MPQFileSystem.h */ = {isa = PBXFileReference; fileEncoding = 4; lastKnownFileType = sourcecode.c.h; name = MPQFileSystem.h; path = mpqfs/MPQFileSystem.h; sourceTree = "<group>"; };
		31B808940BB85067001F9B73 /* MPQFileSystem.m */ = {isa = PBXFileReference; fileEncoding = 4; lastKnownFileType = sourcecode.c.objc; name = MPQFileSystem.m; path = mpqfs/MPQFileSystem.m; sourceTree = "<group>"; };
		31BAC6BA03D63FDA00A80102 /* MPQArchive.m */ = {isa = PBXFileReference; fileEncoding = 4; indentWidth = 4; lastKnownFileType = sourcecode.c.objc; path = MPQArchive.m; sourceTree = "<group>"; tabWidth = 4; usesTabs = 1; };
		31C01A540F6459FC000CAEA3 /* English */ = {isa = PBXFileReference; lastKnownFileType = file.xib; name = English; path = dropmpq/English.lproj/Preferences.xib; sourceTree = "<group>"; };
		31C01A620F645E88000CAEA3 /* DQImportPreferences.h */ = {isa = PBXFileReference; fileEncoding = 4; lastKnownFileType = sourcecode.c.h; path = DQImportPreferences.h; sourceTree = "<group>"; };
		31C01A630F645E88000CAEA3 /* DQImportPreferences.m */ = {isa = PBXFileReference; fileEncoding = 4; lastKnownFileType = sourcecode.c.objc; path = DQImportPreferences.m; sourceTree = "<group>"; };
		31C01A640F645E88000CAEA3 /* DQImportPreferences.tiff */ = {isa = PBXFileReference; lastKnownFileType = image.tiff; path = DQImportPreferences.tiff; sourceTree = "<group>"; };
		31C01A650F645E88000CAEA3 /* DQMiscellaneousPreferences.h */ = {isa = PBXFileReference; fileEncoding = 4; lastKnownFileType = sourcecode.c.h; path = DQMiscellaneousPreferences.h; sourceTree = "<group>"; };
		31C01A660F645E88000CAEA3 /* DQMiscellaneousPreferences.m */ = {isa = PBXFileReference; fileEncoding = 4; lastKnownFileType = sourcecode.c.objc; path = DQMiscellaneousPreferences.m; sourceTree = "<group>"; };
		31C01A670F645E88000CAEA3 /* DQMiscellaneousPreferences.tiff */ = {isa = PBXFileReference; lastKnownFileType = image.tiff; path = DQMiscellaneousPreferences.tiff; sourceTree = "<group>"; };
		31C01A710F645F60000CAEA3 /* DQPreferenceController.h */ = {isa = PBXFileReference; fileEncoding = 4; lastKnownFileType = sourcecode.c.h; path = DQPreferenceController.h; sourceTree = "<group>"; };
		31C01A720F645F60000CAEA3 /* DQPreferenceController.m */ = {isa = PBXFileReference; fileEncoding = 4; lastKnownFileType = sourcecode.c.objc; path = DQPreferenceController.m; sourceTree = "<group>"; };
		31C01A830F6461B1000CAEA3 /* DQPreferenceWindowController.h */ = {isa = PBXFileReference; fileEncoding = 4; lastKnownFileType = sourcecode.c.h; path = DQPreferenceWindowController.h; sourceTree = "<group>"; };
		31C01A840F6461B1000CAEA3 /* DQPreferenceWindowController.m */ = {isa = PBXFileReference; fileEncoding = 4; lastKnownFileType = sourcecode.c.objc; path = DQPreferenceWindowController.m; sourceTree = "<group>"; };
		31C1EA980D33D00400DAE1F4 /* MPQByteOrder.h */ = {isa = PBXFileReference; fileEncoding = 4; lastKnownFileType = sourcecode.c.h; path = MPQByteOrder.h; sourceTree = "<group>"; };
		31C2FF600B8FDA9C000C1DB5 /* CoreServices.framework */ = {isa = PBXFileReference; lastKnownFileType = wrapper.framework; name = CoreServices.framework; path = /System/Library/Frameworks/CoreServices.framework; sourceTree = "<absolute>"; };
		31CEEFD70C04FA3D001ACC9A /* MPQDataSource.h */ = {isa = PBXFileReference; fileEncoding = 4; lastKnownFileType = sourcecode.c.h; path = MPQDataSource.h; sourceTree = "<group>"; };
		31CEEFD80C04FA3D001ACC9A /* MPQDataSource.m */ = {isa = PBXFileReference; fileEncoding = 4; lastKnownFileType = sourcecode.c.objc; path = MPQDataSource.m; sourceTree = "<group>"; };
		31CFD34C04A1592C00A80102 /* wave.h */ = {isa = PBXFileReference; fileEncoding = 30; lastKnownFileType = sourcecode.c.h; name = wave.h; path = stormlib2/wave/wave.h; sourceTree = "<group>"; };
		31CFD34E04A1592C00A80102 /* crc32.c */ = {isa = PBXFileReference; fileEncoding = 30; lastKnownFileType = sourcecode.c.c; name = crc32.c; path = stormlib2/pklib/crc32.c; sourceTree = "<group>"; };
		31CFD34F04A1592C00A80102 /* pklib.h */ = {isa = PBXFileReference; fileEncoding = 30; lastKnownFileType = sourcecode.c.h; name = pklib.h; path = stormlib2/pklib/pklib.h; sourceTree = "<group>"; };
		31CFD35004A1592C00A80102 /* explode.c */ = {isa = PBXFileReference; fileEncoding = 30; lastKnownFileType = sourcecode.c.c; name = explode.c; path = stormlib2/pklib/explode.c; sourceTree = "<group>"; };
		31CFD35104A1592C00A80102 /* implode.c */ = {isa = PBXFileReference; fileEncoding = 30; lastKnownFileType = sourcecode.c.c; name = implode.c; path = stormlib2/pklib/implode.c; sourceTree = "<group>"; };
		31CFD3C704A1606D00A80102 /* SCompression.cpp */ = {isa = PBXFileReference; fileEncoding = 30; lastKnownFileType = sourcecode.cpp.cpp; name = SCompression.cpp; path = stormlib2/SCompression.cpp; sourceTree = "<group>"; };
		31D009FE0C34B69900F72368 /* AudioToolbox.framework */ = {isa = PBXFileReference; lastKnownFileType = wrapper.framework; name = AudioToolbox.framework; path = /System/Library/Frameworks/AudioToolbox.framework; sourceTree = "<absolute>"; };
		31D009FF0C34B69900F72368 /* AudioUnit.framework */ = {isa = PBXFileReference; lastKnownFileType = wrapper.framework; name = AudioUnit.framework; path = /System/Library/Frameworks/AudioUnit.framework; sourceTree = "<absolute>"; };
		31D00A000C34B69900F72368 /* CoreAudio.framework */ = {isa = PBXFileReference; lastKnownFileType = wrapper.framework; name = CoreAudio.framework; path = /System/Library/Frameworks/CoreAudio.framework; sourceTree = "<absolute>"; };
		31DD6C990AEAF41B002CDD2C /* Security.framework */ = {isa = PBXFileReference; lastKnownFileType = wrapper.framework; name = Security.framework; path = /System/Library/Frameworks/Security.framework; sourceTree = "<absolute>"; };
		31E15FAB0AE1D8E6008AB3D2 /* NSDataCryptoAdditions.h */ = {isa = PBXFileReference; fileEncoding = 4; lastKnownFileType = sourcecode.c.h; path = NSDataCryptoAdditions.h; sourceTree = "<group>"; };
		31E15FAC0AE1D8E6008AB3D2 /* NSDataCryptoAdditions.m */ = {isa = PBXFileReference; fileEncoding = 4; indentWidth = 4; lastKnownFileType = sourcecode.c.objc; path = NSDataCryptoAdditions.m; sourceTree = "<group>"; tabWidth = 4; usesTabs = 0; };
		31F591D90498F32500A80102 /* mpqdebug.h */ = {isa = PBXFileReference; fileEncoding = 30; lastKnownFileType = sourcecode.c.h; path = mpqdebug.h; sourceTree = "<group>"; };
		31F78D020F4E74CD00759CD7 /* Sparkle.framework */ = {isa = PBXFileReference; lastKnownFileType = wrapper.framework; path = Sparkle.framework; sourceTree = "<group>"; };
		31FE1A430F4E75A70046698D /* ImageAndTextCell.h */ = {isa = PBXFileReference; fileEncoding = 4; lastKnownFileType = sourcecode.c.h; path = ImageAndTextCell.h; sourceTree = "<group>"; };
		31FE1A440F4E75A70046698D /* ImageAndTextCell.m */ = {isa = PBXFileReference; fileEncoding = 4; lastKnownFileType = sourcecode.c.objc; path = ImageAndTextCell.m; sourceTree = "<group>"; };
		31FE1A450F4E75A70046698D /* NSImageAdditions.h */ = {isa = PBXFileReference; fileEncoding = 4; lastKnownFileType = sourcecode.c.h; path = NSImageAdditions.h; sourceTree = "<group>"; };
		31FE1A460F4E75A70046698D /* NSImageAdditions.m */ = {isa = PBXFileReference; fileEncoding = 4; lastKnownFileType = sourcecode.c.objc; path = NSImageAdditions.m; sourceTree = "<group>"; };
		31FE1A470F4E75A70046698D /* NSString+CarbonFSSpecCreation.h */ = {isa = PBXFileReference; fileEncoding = 4; lastKnownFileType = sourcecode.c.h; path = "NSString+CarbonFSSpecCreation.h"; sourceTree = "<group>"; };
		31FE1A480F4E75A70046698D /* NSString+CarbonFSSpecCreation.m */ = {isa = PBXFileReference; fileEncoding = 4; lastKnownFileType = sourcecode.c.objc; path = "NSString+CarbonFSSpecCreation.m"; sourceTree = "<group>"; };
		31FE1A490F4E75A70046698D /* NSToolbarAdditions.h */ = {isa = PBXFileReference; fileEncoding = 4; lastKnownFileType = sourcecode.c.h; path = NSToolbarAdditions.h; sourceTree = "<group>"; };
		31FE1A4A0F4E75A70046698D /* NSToolbarAdditions.m */ = {isa = PBXFileReference; fileEncoding = 4; lastKnownFileType = sourcecode.c.objc; path = NSToolbarAdditions.m; sourceTree = "<group>"; };
		31FE1A4B0F4E75A70046698D /* DebugTools.h */ = {isa = PBXFileReference; fileEncoding = 4; lastKnownFileType = sourcecode.c.h; path = DebugTools.h; sourceTree = "<group>"; };
		31FE1A4F0F4E75A70046698D /* DropMPQController.h */ = {isa = PBXFileReference; fileEncoding = 4; lastKnownFileType = sourcecode.c.h; path = DropMPQController.h; sourceTree = "<group>"; };
		31FE1A500F4E75A70046698D /* DropMPQController.m */ = {isa = PBXFileReference; fileEncoding = 4; lastKnownFileType = sourcecode.c.objc; path = DropMPQController.m; sourceTree = "<group>"; };
		31FE1A520F4E75A70046698D /* English */ = {isa = PBXFileReference; lastKnownFileType = text.rtf; name = English; path = English.lproj/Credits.rtf; sourceTree = "<group>"; };
		31FE1A540F4E75A70046698D /* English */ = {isa = PBXFileReference; fileEncoding = 10; lastKnownFileType = text.plist.strings; name = English; path = English.lproj/InfoPlist.strings; sourceTree = "<group>"; };
		31FE1A560F4E75A70046698D /* English */ = {isa = PBXFileReference; lastKnownFileType = file.xib; name = English; path = English.lproj/MainMenu.xib; sourceTree = "<group>"; };
		31FE1A570F4E75A70046698D /* FocusRingView.h */ = {isa = PBXFileReference; fileEncoding = 4; lastKnownFileType = sourcecode.c.h; path = FocusRingView.h; sourceTree = "<group>"; };
		31FE1A580F4E75A70046698D /* FocusRingView.m */ = {isa = PBXFileReference; fileEncoding = 4; lastKnownFileType = sourcecode.c.objc; path = FocusRingView.m; sourceTree = "<group>"; };
		31FE1A590F4E75A70046698D /* dropmpq-Info.plist */ = {isa = PBXFileReference; fileEncoding = 4; lastKnownFileType = text.plist.xml; path = "dropmpq-Info.plist"; sourceTree = "<group>"; };
		31FE1A660F4E75A70046698D /* PreferenceKeys.h */ = {isa = PBXFileReference; fileEncoding = 4; lastKnownFileType = sourcecode.c.h; path = PreferenceKeys.h; sourceTree = "<group>"; };
		31FE1A910F4E75A70046698D /* dropmpq.icns */ = {isa = PBXFileReference; lastKnownFileType = image.icns; path = dropmpq.icns; sourceTree = "<group>"; };
		31FE1A940F4E75A70046698D /* dropmpq.m */ = {isa = PBXFileReference; fileEncoding = 4; lastKnownFileType = sourcecode.c.objc; path = dropmpq.m; sourceTree = "<group>"; };
		31FE1AAB0F4E75FF0046698D /* dropmpq.app */ = {isa = PBXFileReference; explicitFileType = wrapper.application; includeInIndex = 0; path = dropmpq.app; sourceTree = BUILT_PRODUCTS_DIR; };
		31FE1B070F4E78B70046698D /* sparkle.pem */ = {isa = PBXFileReference; fileEncoding = 4; lastKnownFileType = text; path = sparkle.pem; sourceTree = "<group>"; };
		D93F7AC32055B6550047A2A7 /* libboringssl.tbd */ = {isa = PBXFileReference; lastKnownFileType = "sourcecode.text-based-dylib-definition"; name = libboringssl.tbd; path = usr/lib/libboringssl.tbd; sourceTree = SDKROOT; };
		F525C282035CB03701000102 /* MPQKit.h */ = {isa = PBXFileReference; fileEncoding = 4; lastKnownFileType = sourcecode.c.h; path = MPQKit.h; sourceTree = "<group>"; };
		F53AFA24034A8CA501000102 /* MPQArchive.h */ = {isa = PBXFileReference; fileEncoding = 4; lastKnownFileType = sourcecode.c.h; path = MPQArchive.h; sourceTree = "<group>"; };
		F568E751034FC7B001000102 /* MPQCryptography.h */ = {isa = PBXFileReference; fileEncoding = 4; lastKnownFileType = sourcecode.c.h; path = MPQCryptography.h; sourceTree = "<group>"; };
		F568E752034FC7B001000102 /* MPQCryptography.c */ = {isa = PBXFileReference; fileEncoding = 4; indentWidth = 4; lastKnownFileType = sourcecode.c.c; path = MPQCryptography.c; sourceTree = "<group>"; tabWidth = 4; usesTabs = 1; };
		F56CED3F036B027201000102 /* MPQFileInfoEnumerator.h */ = {isa = PBXFileReference; fileEncoding = 4; lastKnownFileType = sourcecode.c.h; path = MPQFileInfoEnumerator.h; sourceTree = "<group>"; };
		F56CED40036B027201000102 /* MPQFileInfoEnumerator.m */ = {isa = PBXFileReference; fileEncoding = 4; lastKnownFileType = sourcecode.c.objc; path = MPQFileInfoEnumerator.m; sourceTree = "<group>"; };
		F5AA7217034908BB01000102 /* MPQFile.h */ = {isa = PBXFileReference; fileEncoding = 4; lastKnownFileType = sourcecode.c.h; lineEnding = 0; path = MPQFile.h; sourceTree = "<group>"; };
		F5AA7218034908BB01000102 /* MPQFile.m */ = {isa = PBXFileReference; fileEncoding = 4; indentWidth = 4; lastKnownFileType = sourcecode.c.objc; path = MPQFile.m; sourceTree = "<group>"; tabWidth = 4; usesTabs = 0; };
		F5AA721B034908F301000102 /* MPQSharedConstants.h */ = {isa = PBXFileReference; fileEncoding = 4; indentWidth = 4; lastKnownFileType = sourcecode.c.h; lineEnding = 0; path = MPQSharedConstants.h; sourceTree = "<group>"; tabWidth = 4; usesTabs = 0; };
/* End PBXFileReference section */

/* Begin PBXFrameworksBuildPhase section */
		310D91820BBECE5100FEA3C5 /* Frameworks */ = {
			isa = PBXFrameworksBuildPhase;
			buildActionMask = 2147483647;
			files = (
				310D91930BBECF6600FEA3C5 /* MPQKit.framework in Frameworks */,
				310D91970BBECF6D00FEA3C5 /* Cocoa.framework in Frameworks */,
				31F78D030F4E74CD00759CD7 /* Sparkle.framework in Frameworks */,
			);
			runOnlyForDeploymentPostprocessing = 0;
		};
		3123119D0549EE5D00833907 /* Frameworks */ = {
			isa = PBXFrameworksBuildPhase;
			buildActionMask = 2147483647;
			files = (
				31A6B007068C07F80089D443 /* Foundation.framework in Frameworks */,
				31DD6C9A0AEAF41B002CDD2C /* Security.framework in Frameworks */,
				31C2FF610B8FDA9C000C1DB5 /* CoreServices.framework in Frameworks */,
			);
			runOnlyForDeploymentPostprocessing = 0;
		};
		314C60FF0C18B273005BBE02 /* Frameworks */ = {
			isa = PBXFrameworksBuildPhase;
			buildActionMask = 2147483647;
			files = (
				314C61000C18B273005BBE02 /* MPQKit.framework in Frameworks */,
			);
			runOnlyForDeploymentPostprocessing = 0;
		};
		319980150B4D8B4600D4FE4E /* Frameworks */ = {
			isa = PBXFrameworksBuildPhase;
			buildActionMask = 2147483647;
			files = (
				319980160B4D8B4600D4FE4E /* MPQKit.framework in Frameworks */,
				31C01A410F64584B000CAEA3 /* Foundation.framework in Frameworks */,
			);
			runOnlyForDeploymentPostprocessing = 0;
		};
		31A8A4F90BC14502001F583D /* Frameworks */ = {
			isa = PBXFrameworksBuildPhase;
			buildActionMask = 2147483647;
			files = (
				31A8A51C0BC145F6001F583D /* libfuse.dylib in Frameworks */,
				31A8A51D0BC145F6001F583D /* Foundation.framework in Frameworks */,
				31A8A5390BC1478B001F583D /* MPQKit.framework in Frameworks */,
			);
			runOnlyForDeploymentPostprocessing = 0;
		};
		31FE1AA90F4E75FF0046698D /* Frameworks */ = {
			isa = PBXFrameworksBuildPhase;
			buildActionMask = 2147483647;
			files = (
				31FE1B4C0F4E7CE10046698D /* Sparkle.framework in Frameworks */,
				31FE1B4D0F4E7CE40046698D /* Cocoa.framework in Frameworks */,
				31FE1B510F4E7CEA0046698D /* MPQKit.framework in Frameworks */,
			);
			runOnlyForDeploymentPostprocessing = 0;
		};
/* End PBXFrameworksBuildPhase section */

/* Begin PBXGroup section */
		034768DFFF38A50411DB9C8B /* Products */ = {
			isa = PBXGroup;
			children = (
				3123119F0549EE5D00833907 /* MPQKit.framework */,
				3199801A0B4D8B4600D4FE4E /* mpqdump */,
				310D91840BBECE5100FEA3C5 /* mpqfs.app */,
				31A8A4FB0BC14502001F583D /* mpqfsd */,
				314C61040C18B273005BBE02 /* mpqdumpsectors */,
				31FE1AAB0F4E75FF0046698D /* dropmpq.app */,
			);
			name = Products;
			sourceTree = "<group>";
		};
		0867D691FE84028FC02AAC07 /* BZMPQ Framework */ = {
			isa = PBXGroup;
			children = (
				F525C282035CB03701000102 /* MPQKit.h */,
				31A82B9C0C5A8CFA0011E8E4 /* MPQKitPrivate.h */,
				F5AA721B034908F301000102 /* MPQSharedConstants.h */,
				31C1EA9E0D33D01F00DAE1F4 /* Utilities */,
				3133BFBE04C8E98700A80102 /* Additions */,
				F5F8743F037322BA01000102 /* Compression */,
				F568E755034FC7B901000102 /* Cryptography */,
				F5DEFEC803465B8001000102 /* Classes */,
				3150DBB50AF472EE00CF2965 /* Programs */,
				31F0CF000BB849B800E24273 /* MPQFS */,
				31FE1A410F4E75A70046698D /* dropmpq */,
				089C1665FE841158C02AAC07 /* Resources */,
				31FE1B070F4E78B70046698D /* sparkle.pem */,
				0867D69AFE84028FC02AAC07 /* Frameworks */,
				034768DFFF38A50411DB9C8B /* Products */,
			);
			name = "BZMPQ Framework";
			sourceTree = "<group>";
		};
		0867D69AFE84028FC02AAC07 /* Frameworks */ = {
			isa = PBXGroup;
			children = (
				D93F7AC32055B6550047A2A7 /* libboringssl.tbd */,
				31D009FE0C34B69900F72368 /* AudioToolbox.framework */,
				31D009FF0C34B69900F72368 /* AudioUnit.framework */,
				310D91590BBECCC800FEA3C5 /* Cocoa.framework */,
				31D00A000C34B69900F72368 /* CoreAudio.framework */,
				31C2FF600B8FDA9C000C1DB5 /* CoreServices.framework */,
				31A6B005068C07F80089D443 /* Foundation.framework */,
				3191CA7D0BB859180004E8AA /* libfuse.dylib */,
				31DD6C990AEAF41B002CDD2C /* Security.framework */,
				31F78D020F4E74CD00759CD7 /* Sparkle.framework */,
			);
			name = Frameworks;
			sourceTree = "<group>";
		};
		089C1665FE841158C02AAC07 /* Resources */ = {
			isa = PBXGroup;
			children = (
				3150DB8C0AF455C300CF2965 /* Public RSA Keys */,
				312311A60549EF9B00833907 /* MPQ-Info.plist */,
				089C1666FE841158C02AAC07 /* InfoPlist.strings */,
			);
			name = Resources;
			sourceTree = "<group>";
		};
		3133BFBE04C8E98700A80102 /* Additions */ = {
			isa = PBXGroup;
			children = (
				316FE2730ADF74B3002BC846 /* NSArrayListfileAdditions.h */,
				316FE2740ADF74B3002BC846 /* NSArrayListfileAdditions.m */,
				3173395805B74E47003755C5 /* NSDateNTFSAdditions.h */,
				3173395905B74E47003755C5 /* NSDateNTFSAdditions.m */,
				3133BFC304C8EB0800A80102 /* NSStringAdditions.h */,
				3133BFC404C8EB0800A80102 /* NSStringAdditions.m */,
			);
			name = Additions;
			sourceTree = "<group>";
		};
		31445E3604A35B1200A80102 /* wave */ = {
			isa = PBXGroup;
			children = (
				31CFD34C04A1592C00A80102 /* wave.h */,
				315FB6D30C374F9A00475D07 /* wave.c */,
			);
			name = wave;
			sourceTree = "<group>";
		};
		31445E3704A35B2000A80102 /* PKWare */ = {
			isa = PBXGroup;
			children = (
				31CFD34F04A1592C00A80102 /* pklib.h */,
				31CFD34E04A1592C00A80102 /* crc32.c */,
				31CFD35004A1592C00A80102 /* explode.c */,
				31CFD35104A1592C00A80102 /* implode.c */,
			);
			name = PKWare;
			sourceTree = "<group>";
		};
		31445E3904A35B3A00A80102 /* huffman */ = {
			isa = PBXGroup;
			children = (
				31767CCA0C13A4FA0015A006 /* huff.cpp */,
				31767CCB0C13A4FA0015A006 /* huff.h */,
			);
			name = huffman;
			sourceTree = "<group>";
		};
		3150DBB50AF472EE00CF2965 /* Programs */ = {
			isa = PBXGroup;
			children = (
				319980080B4D8AFF00D4FE4E /* mpqdump.m */,
				314C610B0C18B43E005BBE02 /* mpqdumpsectors.m */,
				31E15FAB0AE1D8E6008AB3D2 /* NSDataCryptoAdditions.h */,
				31E15FAC0AE1D8E6008AB3D2 /* NSDataCryptoAdditions.m */,
			);
			name = Programs;
			sourceTree = "<group>";
		};
		31C01A610F645E88000CAEA3 /* Preferences */ = {
			isa = PBXGroup;
			children = (
				31C01A830F6461B1000CAEA3 /* DQPreferenceWindowController.h */,
				31C01A840F6461B1000CAEA3 /* DQPreferenceWindowController.m */,
				31C01A710F645F60000CAEA3 /* DQPreferenceController.h */,
				31C01A720F645F60000CAEA3 /* DQPreferenceController.m */,
				31C01A620F645E88000CAEA3 /* DQImportPreferences.h */,
				31C01A630F645E88000CAEA3 /* DQImportPreferences.m */,
				31C01A640F645E88000CAEA3 /* DQImportPreferences.tiff */,
				31C01A650F645E88000CAEA3 /* DQMiscellaneousPreferences.h */,
				31C01A660F645E88000CAEA3 /* DQMiscellaneousPreferences.m */,
				31C01A670F645E88000CAEA3 /* DQMiscellaneousPreferences.tiff */,
			);
			path = Preferences;
			sourceTree = "<group>";
		};
		31C01A6C0F645E93000CAEA3 /* Resources */ = {
			isa = PBXGroup;
			children = (
				31FE1A510F4E75A70046698D /* Credits.rtf */,
				31FE1A910F4E75A70046698D /* dropmpq.icns */,
				31FE1A550F4E75A70046698D /* MainMenu.xib */,
				31C01A530F6459FC000CAEA3 /* Preferences.xib */,
				31FE1A590F4E75A70046698D /* dropmpq-Info.plist */,
				31FE1A530F4E75A70046698D /* InfoPlist.strings */,
			);
			name = Resources;
			sourceTree = "<group>";
		};
		31C1EA9E0D33D01F00DAE1F4 /* Utilities */ = {
			isa = PBXGroup;
			children = (
				312443EA0B474D98004DB138 /* MPQErrors.h */,
				312444210B475387004DB138 /* MPQErrors.m */,
				312444110B47532F004DB138 /* PHSErrorMacros.h */,
				31F591D90498F32500A80102 /* mpqdebug.h */,
				31C1EA980D33D00400DAE1F4 /* MPQByteOrder.h */,
			);
			name = Utilities;
			sourceTree = "<group>";
		};
		31F0CF000BB849B800E24273 /* MPQFS */ = {
			isa = PBXGroup;
			children = (
				315E3DA60F4D477A00CEFCFB /* RXVersionComparator.h */,
				315E3DA70F4D477A00CEFCFB /* RXVersionComparator.m */,
				3116E32C0CD7929D0090DA6B /* mpqfs.xib */,
				310D92DB0BBEF7A800FEA3C5 /* Fuse.icns */,
				31A8A5B60BC14B72001F583D /* InfoPlist.strings */,
				319811260BC2EF85009C3E08 /* listfiles */,
				31A8A5CC0BC14CC7001F583D /* mpq.icns */,
				31B808930BB85067001F9B73 /* MPQFileSystem.h */,
				31B808940BB85067001F9B73 /* MPQFileSystem.m */,
				310D91860BBECE5100FEA3C5 /* mpqfs-Info.plist */,
				31A8A50D0BC1455A001F583D /* mpqfs.m */,
				310D91F20BBED5D000FEA3C5 /* MPQFSApplicationDelegate.h */,
				310D91F30BBED5D000FEA3C5 /* MPQFSApplicationDelegate.m */,
				31B8088D0BB84E7E001F9B73 /* mpqfsd.m */,
			);
			name = MPQFS;
			sourceTree = "<group>";
		};
		31FE1A410F4E75A70046698D /* dropmpq */ = {
			isa = PBXGroup;
			children = (
				31FE1A420F4E75A70046698D /* Cocoa Extensions */,
				31FE1A4B0F4E75A70046698D /* DebugTools.h */,
				31FE1A4F0F4E75A70046698D /* DropMPQController.h */,
				31FE1A500F4E75A70046698D /* DropMPQController.m */,
				31FE1A570F4E75A70046698D /* FocusRingView.h */,
				31FE1A580F4E75A70046698D /* FocusRingView.m */,
				31FE1A940F4E75A70046698D /* dropmpq.m */,
				31FE1A660F4E75A70046698D /* PreferenceKeys.h */,
				31C01A610F645E88000CAEA3 /* Preferences */,
				31C01A6C0F645E93000CAEA3 /* Resources */,
			);
			path = dropmpq;
			sourceTree = "<group>";
		};
		31FE1A420F4E75A70046698D /* Cocoa Extensions */ = {
			isa = PBXGroup;
			children = (
				31FE1A430F4E75A70046698D /* ImageAndTextCell.h */,
				31FE1A440F4E75A70046698D /* ImageAndTextCell.m */,
				31FE1A450F4E75A70046698D /* NSImageAdditions.h */,
				31FE1A460F4E75A70046698D /* NSImageAdditions.m */,
				31FE1A470F4E75A70046698D /* NSString+CarbonFSSpecCreation.h */,
				31FE1A480F4E75A70046698D /* NSString+CarbonFSSpecCreation.m */,
				31FE1A490F4E75A70046698D /* NSToolbarAdditions.h */,
				31FE1A4A0F4E75A70046698D /* NSToolbarAdditions.m */,
			);
			path = "Cocoa Extensions";
			sourceTree = "<group>";
		};
		F568E755034FC7B901000102 /* Cryptography */ = {
			isa = PBXGroup;
			children = (
				F568E752034FC7B001000102 /* MPQCryptography.c */,
				F568E751034FC7B001000102 /* MPQCryptography.h */,
			);
			name = Cryptography;
			sourceTree = "<group>";
		};
		F5DEFEC803465B8001000102 /* Classes */ = {
			isa = PBXGroup;
			children = (
				F53AFA24034A8CA501000102 /* MPQArchive.h */,
				31BAC6BA03D63FDA00A80102 /* MPQArchive.m */,
				3112FEE70C38A0B100992F8F /* MPQArchivePriorityProxy.h */,
				3112FEE80C38A0B100992F8F /* MPQArchivePriorityProxy.m */,
				316186EE0C3DF5830024CABB /* MPQArchivePrivate.h */,
				31CEEFD70C04FA3D001ACC9A /* MPQDataSource.h */,
				31CEEFD80C04FA3D001ACC9A /* MPQDataSource.m */,
				F5AA7217034908BB01000102 /* MPQFile.h */,
				F5AA7218034908BB01000102 /* MPQFile.m */,
				F56CED3F036B027201000102 /* MPQFileInfoEnumerator.h */,
				F56CED40036B027201000102 /* MPQFileInfoEnumerator.m */,
				314C60E30C18B114005BBE02 /* MPQFilePrivate.h */,
			);
			name = Classes;
			sourceTree = "<group>";
		};
		F5F8743F037322BA01000102 /* Compression */ = {
			isa = PBXGroup;
			children = (
				31445E3904A35B3A00A80102 /* huffman */,
				31445E3704A35B2000A80102 /* PKWare */,
				31CFD3C704A1606D00A80102 /* SCompression.cpp */,
				313E4BDE04A2C80700A80102 /* SCompression.h */,
				31445E3604A35B1200A80102 /* wave */,
			);
			name = Compression;
			sourceTree = "<group>";
		};
/* End PBXGroup section */

/* Begin PBXHeadersBuildPhase section */
		3123119A0549EE5D00833907 /* Headers */ = {
			isa = PBXHeadersBuildPhase;
			buildActionMask = 2147483647;
			files = (
				312311C70549F0D300833907 /* NSStringAdditions.h in Headers */,
				312311D20549F0F100833907 /* pklib.h in Headers */,
				312311D40549F0F100833907 /* SCompression.h in Headers */,
				312311D60549F0F100833907 /* wave.h in Headers */,
				312311E10549F18700833907 /* MPQCryptography.h in Headers */,
				3123128D0549F20700833907 /* MPQKit.h in Headers */,
				3123129E0549F2A500833907 /* MPQArchive.h in Headers */,
				3123129F0549F2A700833907 /* MPQFile.h in Headers */,
				312312990549F28700833907 /* MPQFileInfoEnumerator.h in Headers */,
				3123127A0549F1B900833907 /* MPQSharedConstants.h in Headers */,
				3173395A05B74E47003755C5 /* NSDateNTFSAdditions.h in Headers */,
				316FE2750ADF74B3002BC846 /* NSArrayListfileAdditions.h in Headers */,
				312443EB0B474D98004DB138 /* MPQErrors.h in Headers */,
				312444120B47532F004DB138 /* PHSErrorMacros.h in Headers */,
				31CEEFD90C04FA3D001ACC9A /* MPQDataSource.h in Headers */,
				31767CCD0C13A4FA0015A006 /* huff.h in Headers */,
				314C60E40C18B114005BBE02 /* MPQFilePrivate.h in Headers */,
				3112FEE90C38A0B100992F8F /* MPQArchivePriorityProxy.h in Headers */,
				316186EF0C3DF5830024CABB /* MPQArchivePrivate.h in Headers */,
				31A82B9D0C5A8CFA0011E8E4 /* MPQKitPrivate.h in Headers */,
				31C1EA9A0D33D00400DAE1F4 /* MPQByteOrder.h in Headers */,
			);
			runOnlyForDeploymentPostprocessing = 0;
		};
/* End PBXHeadersBuildPhase section */

/* Begin PBXNativeTarget section */
		310D91830BBECE5100FEA3C5 /* mpqfs */ = {
			isa = PBXNativeTarget;
			buildConfigurationList = 310D91870BBECE5100FEA3C5 /* Build configuration list for PBXNativeTarget "mpqfs" */;
			buildPhases = (
				310D91810BBECE5100FEA3C5 /* Sources */,
				310D91800BBECE5100FEA3C5 /* Resources */,
				310D91820BBECE5100FEA3C5 /* Frameworks */,
				310D91980BBECF8400FEA3C5 /* CopyFiles */,
				31A8A5410BC147BC001F583D /* CopyFiles */,
				3102E6010BC1F3F1006A9088 /* bzrversion */,
			);
			buildRules = (
			);
			dependencies = (
				31A8A5020BC14511001F583D /* PBXTargetDependency */,
				31A8A5040BC14511001F583D /* PBXTargetDependency */,
			);
			name = mpqfs;
			productName = mpqfs;
			productReference = 310D91840BBECE5100FEA3C5 /* mpqfs.app */;
			productType = "com.apple.product-type.application";
		};
		3123119E0549EE5D00833907 /* MPQKit */ = {
			isa = PBXNativeTarget;
			buildConfigurationList = 31EB3EFA085CCCD800290137 /* Build configuration list for PBXNativeTarget "MPQKit" */;
			buildPhases = (
				3123119A0549EE5D00833907 /* Headers */,
				3123119C0549EE5D00833907 /* Sources */,
				3123119D0549EE5D00833907 /* Frameworks */,
				3123119B0549EE5D00833907 /* Resources */,
				31826B6D0915C76D00EB066F /* bzrversion */,
			);
			buildRules = (
			);
			dependencies = (
			);
			name = MPQKit;
			productName = MPQ;
			productReference = 3123119F0549EE5D00833907 /* MPQKit.framework */;
			productType = "com.apple.product-type.framework";
		};
		314C60F90C18B273005BBE02 /* mpqdumpsectors */ = {
			isa = PBXNativeTarget;
			buildConfigurationList = 314C61010C18B273005BBE02 /* Build configuration list for PBXNativeTarget "mpqdumpsectors" */;
			buildPhases = (
				314C60FC0C18B273005BBE02 /* Sources */,
				314C60FF0C18B273005BBE02 /* Frameworks */,
			);
			buildRules = (
			);
			dependencies = (
				314C60FA0C18B273005BBE02 /* PBXTargetDependency */,
			);
			name = mpqdumpsectors;
			productName = signaturecheck;
			productReference = 314C61040C18B273005BBE02 /* mpqdumpsectors */;
			productType = "com.apple.product-type.tool";
		};
		3199800F0B4D8B4600D4FE4E /* mpqdump */ = {
			isa = PBXNativeTarget;
			buildConfigurationList = 319980170B4D8B4600D4FE4E /* Build configuration list for PBXNativeTarget "mpqdump" */;
			buildPhases = (
				319980120B4D8B4600D4FE4E /* Sources */,
				319980150B4D8B4600D4FE4E /* Frameworks */,
			);
			buildRules = (
			);
			dependencies = (
				319980100B4D8B4600D4FE4E /* PBXTargetDependency */,
			);
			name = mpqdump;
			productName = signaturecheck;
			productReference = 3199801A0B4D8B4600D4FE4E /* mpqdump */;
			productType = "com.apple.product-type.tool";
		};
		31A8A4FA0BC14502001F583D /* mpqfsd */ = {
			isa = PBXNativeTarget;
			buildConfigurationList = 31A8A5080BC14526001F583D /* Build configuration list for PBXNativeTarget "mpqfsd" */;
			buildPhases = (
				31A8A4F80BC14502001F583D /* Sources */,
				31A8A4F90BC14502001F583D /* Frameworks */,
			);
			buildRules = (
			);
			dependencies = (
				31A8A4FE0BC14506001F583D /* PBXTargetDependency */,
			);
			name = mpqfsd;
			productName = mpqfsd;
			productReference = 31A8A4FB0BC14502001F583D /* mpqfsd */;
			productType = "com.apple.product-type.tool";
		};
		31FE1AAA0F4E75FF0046698D /* dropmpq */ = {
			isa = PBXNativeTarget;
			buildConfigurationList = 31FE1AB00F4E75FF0046698D /* Build configuration list for PBXNativeTarget "dropmpq" */;
			buildPhases = (
				31FE1AA80F4E75FF0046698D /* Sources */,
				31FE1AA90F4E75FF0046698D /* Frameworks */,
				31FE1AA70F4E75FF0046698D /* Resources */,
				31FE1BBF0F4E7F0F0046698D /* CopyFiles */,
				31FE1C7D0F4E82DC0046698D /* bzrversion */,
			);
			buildRules = (
			);
			dependencies = (
				31FE1BC70F4E7F430046698D /* PBXTargetDependency */,
			);
			name = dropmpq;
			productName = dropmpq;
			productReference = 31FE1AAB0F4E75FF0046698D /* dropmpq.app */;
			productType = "com.apple.product-type.application";
		};
/* End PBXNativeTarget section */

/* Begin PBXProject section */
		0867D690FE84028FC02AAC07 /* Project object */ = {
			isa = PBXProject;
			attributes = {
				LastUpgradeCheck = 0940;
				ORGANIZATIONNAME = MacStorm;
			};
			buildConfigurationList = 31EB3F00085CCCD800290137 /* Build configuration list for PBXProject "MPQKit" */;
			compatibilityVersion = "Xcode 8.0";
			developmentRegion = en;
			hasScannedForEncodings = 1;
			knownRegions = (
				en,
			);
			mainGroup = 0867D691FE84028FC02AAC07 /* BZMPQ Framework */;
			productRefGroup = 034768DFFF38A50411DB9C8B /* Products */;
			projectDirPath = "";
			projectRoot = "";
			targets = (
				3123119E0549EE5D00833907 /* MPQKit */,
				3199800F0B4D8B4600D4FE4E /* mpqdump */,
				314C60F90C18B273005BBE02 /* mpqdumpsectors */,
				31A8A4FA0BC14502001F583D /* mpqfsd */,
				310D91830BBECE5100FEA3C5 /* mpqfs */,
				31FE1AAA0F4E75FF0046698D /* dropmpq */,
			);
		};
/* End PBXProject section */

/* Begin PBXResourcesBuildPhase section */
		310D91800BBECE5100FEA3C5 /* Resources */ = {
			isa = PBXResourcesBuildPhase;
			buildActionMask = 2147483647;
			files = (
				310D92DC0BBEF7A800FEA3C5 /* Fuse.icns in Resources */,
				31A8A5B70BC14B72001F583D /* InfoPlist.strings in Resources */,
				31A8A5CD0BC14CC7001F583D /* mpq.icns in Resources */,
				319811340BC2EF85009C3E08 /* listfiles in Resources */,
				3116E32E0CD7929D0090DA6B /* mpqfs.xib in Resources */,
				31FE1B090F4E78B70046698D /* sparkle.pem in Resources */,
			);
			runOnlyForDeploymentPostprocessing = 0;
		};
		3123119B0549EE5D00833907 /* Resources */ = {
			isa = PBXResourcesBuildPhase;
			buildActionMask = 2147483647;
			files = (
				3150DB930AF455C300CF2965 /* Public RSA Keys in Resources */,
			);
			runOnlyForDeploymentPostprocessing = 0;
		};
		31FE1AA70F4E75FF0046698D /* Resources */ = {
			isa = PBXResourcesBuildPhase;
			buildActionMask = 2147483647;
			files = (
				31FE1B950F4E7ECA0046698D /* Credits.rtf in Resources */,
				31FE1B960F4E7ECA0046698D /* dropmpq.icns in Resources */,
				31FE1B980F4E7ECA0046698D /* MainMenu.xib in Resources */,
				31FE1B990F4E7ECA0046698D /* InfoPlist.strings in Resources */,
				31FE1B8C0F4E7EB60046698D /* sparkle.pem in Resources */,
				31C01A550F6459FC000CAEA3 /* Preferences.xib in Resources */,
				31C01A690F645E88000CAEA3 /* DQImportPreferences.tiff in Resources */,
				31C01A6B0F645E88000CAEA3 /* DQMiscellaneousPreferences.tiff in Resources */,
			);
			runOnlyForDeploymentPostprocessing = 0;
		};
/* End PBXResourcesBuildPhase section */

/* Begin PBXShellScriptBuildPhase section */
		3102E6010BC1F3F1006A9088 /* bzrversion */ = {
			isa = PBXShellScriptBuildPhase;
			buildActionMask = 2147483647;
			files = (
			);
			inputPaths = (
			);
			name = bzrversion;
			outputPaths = (
			);
			runOnlyForDeploymentPostprocessing = 0;
			shellPath = "/usr/bin/env python";
			shellScript = "# Xcode auto-versioning script for Bazaar\n\nimport os\nimport plistlib\nimport re\nimport subprocess\nimport sys\nfrom os import path\n\nif not \"BUILT_PRODUCTS_DIR\" in os.environ:\n    print \"Must be run by the Xcode build system\"\n    sys.exit(1)\n\n# MACOSX_DEPLOYMENT_TARGET plays badly with Python\nif \"MACOSX_DEPLOYMENT_TARGET\" in os.environ:\n\tdel os.environ[\"MACOSX_DEPLOYMENT_TARGET\"]\n\n# add a few common directories to PATH\npath_entries = os.environ['PATH'].split(':')\nif \"/usr/local/bin\" not in path_entries: path_entries.append(\"/usr/local/bin\")\nif \"/opt/local/bin\" not in path_entries: path_entries.append(\"/opt/local/bin\")\nif \"/sw/bin\" not in path_entries: path_entries.append(\"/sw/bin\")\nos.environ['PATH'] = ':'.join(path_entries)\n\n# output a build strings file\nbuild_strings_format = r'--template=\"BUILD_VERSION\" = \"{revno}\";\\n\"BUILD_DATE\" = \"{build_date}\";\\n\"BUILD_BRANCH\" = \"{branch_nick}\";\\n'\nbuild_strings_command = ['bzr', 'version-info', '--custom', build_strings_format]\np = subprocess.Popen(build_strings_command, stdout=subprocess.PIPE, shell=False, close_fds=True)\nbuild_strings = p.communicate()[0].decode('utf8')\n\nresources_path = path.join(os.environ['TARGET_BUILD_DIR'], os.environ['UNLOCALIZED_RESOURCES_FOLDER_PATH'])\nbuild_strings_file = open(path.join(resources_path, u\"build.strings\"), 'w')\nbuild_strings_file.write(build_strings.encode('utf16'))\nbuild_strings_file.close()\n\n# get the current bzr revision number and use it to set the CFBundleVersion value\nrevision_command = ['bzr', 'revno']\np = subprocess.Popen(revision_command, stdout=subprocess.PIPE, shell=False, close_fds=True)\nrevision_string = p.communicate()[0].decode('utf8')[:-1]\n\ninfo_plist_path = path.join(os.environ['TARGET_BUILD_DIR'], os.environ['INFOPLIST_PATH'])\ninfo_plist = plistlib. readPlist(info_plist_path)\n\ninfo_plist['CFBundleVersion'] = 'bzr %s' % revision_string\n\nplistlib.writePlist(info_plist, info_plist_path)\n";
			showEnvVarsInLog = 0;
		};
		31826B6D0915C76D00EB066F /* bzrversion */ = {
			isa = PBXShellScriptBuildPhase;
			buildActionMask = 2147483647;
			files = (
			);
			inputPaths = (
			);
			name = bzrversion;
			outputPaths = (
			);
			runOnlyForDeploymentPostprocessing = 0;
			shellPath = "/usr/bin/env python";
			shellScript = "# Xcode auto-versioning script for Bazaar\n\nimport os\nimport plistlib\nimport re\nimport subprocess\nimport sys\nfrom os import path\n\nif not \"BUILT_PRODUCTS_DIR\" in os.environ:\n    print \"Must be run by the Xcode build system\"\n    sys.exit(1)\n\n# MACOSX_DEPLOYMENT_TARGET plays badly with Python\nif \"MACOSX_DEPLOYMENT_TARGET\" in os.environ:\n\tdel os.environ[\"MACOSX_DEPLOYMENT_TARGET\"]\n\n# add a few common directories to PATH\npath_entries = os.environ['PATH'].split(':')\nif \"/usr/local/bin\" not in path_entries: path_entries.append(\"/usr/local/bin\")\nif \"/opt/local/bin\" not in path_entries: path_entries.append(\"/opt/local/bin\")\nif \"/sw/bin\" not in path_entries: path_entries.append(\"/sw/bin\")\nos.environ['PATH'] = ':'.join(path_entries)\n\n# output a build strings file\nbuild_strings_format = r'--template=\"BUILD_VERSION\" = \"{revno}\";\\n\"BUILD_DATE\" = \"{build_date}\";\\n\"BUILD_BRANCH\" = \"{branch_nick}\";\\n'\nbuild_strings_command = ['bzr', 'version-info', '--custom', build_strings_format]\np = subprocess.Popen(build_strings_command, stdout=subprocess.PIPE, shell=False, close_fds=True)\nbuild_strings = p.communicate()[0].decode('utf8')\n\nresources_path = path.join(os.environ['TARGET_BUILD_DIR'], os.environ['UNLOCALIZED_RESOURCES_FOLDER_PATH'])\nbuild_strings_file = open(path.join(resources_path, u\"build.strings\"), 'w')\nbuild_strings_file.write(build_strings.encode('utf16'))\nbuild_strings_file.close()\n\n# get the current bzr revision number and use it to set the CFBundleVersion value\nrevision_command = ['bzr', 'revno']\np = subprocess.Popen(revision_command, stdout=subprocess.PIPE, shell=False, close_fds=True)\nrevision_string = p.communicate()[0].decode('utf8')[:-1]\n\ninfo_plist_path = path.join(os.environ['TARGET_BUILD_DIR'], os.environ['INFOPLIST_PATH'])\ninfo_plist = plistlib. readPlist(info_plist_path)\n\ninfo_plist['CFBundleVersion'] = 'bzr %s' % revision_string\n\nplistlib.writePlist(info_plist, info_plist_path)\n";
			showEnvVarsInLog = 0;
		};
		31FE1C7D0F4E82DC0046698D /* bzrversion */ = {
			isa = PBXShellScriptBuildPhase;
			buildActionMask = 2147483647;
			files = (
			);
			inputPaths = (
			);
			name = bzrversion;
			outputPaths = (
			);
			runOnlyForDeploymentPostprocessing = 0;
			shellPath = "/usr/bin/env python";
			shellScript = "# Xcode auto-versioning script for Bazaar\n\nimport os\nimport plistlib\nimport re\nimport subprocess\nimport sys\nfrom os import path\n\nif not \"BUILT_PRODUCTS_DIR\" in os.environ:\n    print \"Must be run by the Xcode build system\"\n    sys.exit(1)\n\n# MACOSX_DEPLOYMENT_TARGET plays badly with Python\nif \"MACOSX_DEPLOYMENT_TARGET\" in os.environ:\n\tdel os.environ[\"MACOSX_DEPLOYMENT_TARGET\"]\n\n# add a few common directories to PATH\npath_entries = os.environ['PATH'].split(':')\nif \"/usr/local/bin\" not in path_entries: path_entries.append(\"/usr/local/bin\")\nif \"/opt/local/bin\" not in path_entries: path_entries.append(\"/opt/local/bin\")\nif \"/sw/bin\" not in path_entries: path_entries.append(\"/sw/bin\")\nos.environ['PATH'] = ':'.join(path_entries)\n\n# output a build strings file\nbuild_strings_format = r'--template=\"BUILD_VERSION\" = \"{revno}\";\\n\"BUILD_DATE\" = \"{build_date}\";\\n\"BUILD_BRANCH\" = \"{branch_nick}\";\\n'\nbuild_strings_command = ['bzr', 'version-info', '--custom', build_strings_format]\np = subprocess.Popen(build_strings_command, stdout=subprocess.PIPE, shell=False, close_fds=True)\nbuild_strings = p.communicate()[0].decode('utf8')\n\nresources_path = path.join(os.environ['TARGET_BUILD_DIR'], os.environ['UNLOCALIZED_RESOURCES_FOLDER_PATH'])\nbuild_strings_file = open(path.join(resources_path, u\"build.strings\"), 'w')\nbuild_strings_file.write(build_strings.encode('utf16'))\nbuild_strings_file.close()\n\n# get the current bzr revision number and use it to set the CFBundleVersion value\nrevision_command = ['bzr', 'revno']\np = subprocess.Popen(revision_command, stdout=subprocess.PIPE, shell=False, close_fds=True)\nrevision_string = p.communicate()[0].decode('utf8')[:-1]\n\ninfo_plist_path = path.join(os.environ['TARGET_BUILD_DIR'], os.environ['INFOPLIST_PATH'])\ninfo_plist = plistlib. readPlist(info_plist_path)\n\ninfo_plist['CFBundleVersion'] = 'bzr %s' % revision_string\n\nplistlib.writePlist(info_plist, info_plist_path)\n";
			showEnvVarsInLog = 0;
		};
/* End PBXShellScriptBuildPhase section */

/* Begin PBXSourcesBuildPhase section */
		310D91810BBECE5100FEA3C5 /* Sources */ = {
			isa = PBXSourcesBuildPhase;
			buildActionMask = 2147483647;
			files = (
				310D91F50BBED5D000FEA3C5 /* MPQFSApplicationDelegate.m in Sources */,
				31A8A50E0BC1455A001F583D /* mpqfs.m in Sources */,
				315E3DA80F4D477A00CEFCFB /* RXVersionComparator.m in Sources */,
			);
			runOnlyForDeploymentPostprocessing = 0;
		};
		3123119C0549EE5D00833907 /* Sources */ = {
			isa = PBXSourcesBuildPhase;
			buildActionMask = 2147483647;
			files = (
				312311C80549F0D300833907 /* NSStringAdditions.m in Sources */,
				312311CC0549F0F100833907 /* crc32.c in Sources */,
				312311CE0549F0F100833907 /* explode.c in Sources */,
				312311D10549F0F100833907 /* implode.c in Sources */,
				312311D30549F0F100833907 /* SCompression.cpp in Sources */,
				312311E20549F18A00833907 /* MPQCryptography.c in Sources */,
				3123128E0549F21A00833907 /* MPQFileInfoEnumerator.m in Sources */,
				3123128F0549F21A00833907 /* MPQArchive.m in Sources */,
				312312900549F21A00833907 /* MPQFile.m in Sources */,
				3173395B05B74E47003755C5 /* NSDateNTFSAdditions.m in Sources */,
				316FE2760ADF74B3002BC846 /* NSArrayListfileAdditions.m in Sources */,
				312444220B475387004DB138 /* MPQErrors.m in Sources */,
				31CEEFDA0C04FA3D001ACC9A /* MPQDataSource.m in Sources */,
				31767CCC0C13A4FA0015A006 /* huff.cpp in Sources */,
				315FB6D40C374F9A00475D07 /* wave.c in Sources */,
				3112FEEA0C38A0B100992F8F /* MPQArchivePriorityProxy.m in Sources */,
			);
			runOnlyForDeploymentPostprocessing = 0;
		};
		314C60FC0C18B273005BBE02 /* Sources */ = {
			isa = PBXSourcesBuildPhase;
			buildActionMask = 2147483647;
			files = (
				314C610C0C18B43E005BBE02 /* mpqdumpsectors.m in Sources */,
			);
			runOnlyForDeploymentPostprocessing = 0;
		};
		319980120B4D8B4600D4FE4E /* Sources */ = {
			isa = PBXSourcesBuildPhase;
			buildActionMask = 2147483647;
			files = (
				319980140B4D8B4600D4FE4E /* NSDataCryptoAdditions.m in Sources */,
				3199802C0B4D8C3000D4FE4E /* mpqdump.m in Sources */,
			);
			runOnlyForDeploymentPostprocessing = 0;
		};
		31A8A4F80BC14502001F583D /* Sources */ = {
			isa = PBXSourcesBuildPhase;
			buildActionMask = 2147483647;
			files = (
				31A8A51A0BC145CD001F583D /* mpqfsd.m in Sources */,
				31A8A51B0BC145D1001F583D /* MPQFileSystem.m in Sources */,
			);
			runOnlyForDeploymentPostprocessing = 0;
		};
		31FE1AA80F4E75FF0046698D /* Sources */ = {
			isa = PBXSourcesBuildPhase;
			buildActionMask = 2147483647;
			files = (
				31FE1B3B0F4E7BF50046698D /* FocusRingView.m in Sources */,
				31FE1B3C0F4E7BF50046698D /* DropMPQController.m in Sources */,
				31FE1B3D0F4E7BF60046698D /* dropmpq.m in Sources */,
				31FE1C550F4E81890046698D /* RXVersionComparator.m in Sources */,
				31C01A680F645E88000CAEA3 /* DQImportPreferences.m in Sources */,
				31C01A6A0F645E88000CAEA3 /* DQMiscellaneousPreferences.m in Sources */,
				31C01A730F645F60000CAEA3 /* DQPreferenceController.m in Sources */,
				31C01A850F6461B1000CAEA3 /* DQPreferenceWindowController.m in Sources */,
			);
			runOnlyForDeploymentPostprocessing = 0;
		};
/* End PBXSourcesBuildPhase section */

/* Begin PBXTargetDependency section */
		314C60FA0C18B273005BBE02 /* PBXTargetDependency */ = {
			isa = PBXTargetDependency;
			target = 3123119E0549EE5D00833907 /* MPQKit */;
			targetProxy = 314C60FB0C18B273005BBE02 /* PBXContainerItemProxy */;
		};
		319980100B4D8B4600D4FE4E /* PBXTargetDependency */ = {
			isa = PBXTargetDependency;
			target = 3123119E0549EE5D00833907 /* MPQKit */;
			targetProxy = 319980110B4D8B4600D4FE4E /* PBXContainerItemProxy */;
		};
		31A8A4FE0BC14506001F583D /* PBXTargetDependency */ = {
			isa = PBXTargetDependency;
			target = 3123119E0549EE5D00833907 /* MPQKit */;
			targetProxy = 31A8A4FD0BC14506001F583D /* PBXContainerItemProxy */;
		};
		31A8A5020BC14511001F583D /* PBXTargetDependency */ = {
			isa = PBXTargetDependency;
			target = 3123119E0549EE5D00833907 /* MPQKit */;
			targetProxy = 31A8A5010BC14511001F583D /* PBXContainerItemProxy */;
		};
		31A8A5040BC14511001F583D /* PBXTargetDependency */ = {
			isa = PBXTargetDependency;
			target = 31A8A4FA0BC14502001F583D /* mpqfsd */;
			targetProxy = 31A8A5030BC14511001F583D /* PBXContainerItemProxy */;
		};
		31FE1BC70F4E7F430046698D /* PBXTargetDependency */ = {
			isa = PBXTargetDependency;
			target = 3123119E0549EE5D00833907 /* MPQKit */;
			targetProxy = 31FE1BC60F4E7F430046698D /* PBXContainerItemProxy */;
		};
/* End PBXTargetDependency section */

/* Begin PBXVariantGroup section */
		089C1666FE841158C02AAC07 /* InfoPlist.strings */ = {
			isa = PBXVariantGroup;
			children = (
				089C1667FE841158C02AAC07 /* English */,
			);
			name = InfoPlist.strings;
			sourceTree = "<group>";
		};
		3116E32C0CD7929D0090DA6B /* mpqfs.xib */ = {
			isa = PBXVariantGroup;
			children = (
				3116E32D0CD7929D0090DA6B /* English */,
			);
			name = mpqfs.xib;
			sourceTree = "<group>";
		};
		31A8A5B60BC14B72001F583D /* InfoPlist.strings */ = {
			isa = PBXVariantGroup;
			children = (
				31A8A5B10BC14B43001F583D /* English */,
			);
			name = InfoPlist.strings;
			sourceTree = "<group>";
		};
		31C01A530F6459FC000CAEA3 /* Preferences.xib */ = {
			isa = PBXVariantGroup;
			children = (
				31C01A540F6459FC000CAEA3 /* English */,
			);
			name = Preferences.xib;
			path = ..;
			sourceTree = "<group>";
		};
		31FE1A510F4E75A70046698D /* Credits.rtf */ = {
			isa = PBXVariantGroup;
			children = (
				31FE1A520F4E75A70046698D /* English */,
			);
			name = Credits.rtf;
			sourceTree = "<group>";
		};
		31FE1A530F4E75A70046698D /* InfoPlist.strings */ = {
			isa = PBXVariantGroup;
			children = (
				31FE1A540F4E75A70046698D /* English */,
			);
			name = InfoPlist.strings;
			sourceTree = "<group>";
		};
		31FE1A550F4E75A70046698D /* MainMenu.xib */ = {
			isa = PBXVariantGroup;
			children = (
				31FE1A560F4E75A70046698D /* English */,
			);
			name = MainMenu.xib;
			sourceTree = "<group>";
		};
/* End PBXVariantGroup section */

/* Begin XCBuildConfiguration section */
		310D91880BBECE5100FEA3C5 /* Debug */ = {
			isa = XCBuildConfiguration;
			buildSettings = {
				CLANG_ENABLE_OBJC_WEAK = YES;
				FRAMEWORK_SEARCH_PATHS = (
					"$(inherited)",
					"\"$(SRCROOT)/mpqfs\"",
					"\"$(SRCROOT)\"",
				);
				INFOPLIST_FILE = "mpqfs/mpqfs-Info.plist";
				INSTALL_PATH = "$(HOME)/Applications";
				PREBINDING = NO;
				PRODUCT_BUNDLE_IDENTIFIER = org.macstorm.mpqfs;
				PRODUCT_NAME = mpqfs;
				WRAPPER_EXTENSION = app;
			};
			name = Debug;
		};
		310D91890BBECE5100FEA3C5 /* Release */ = {
			isa = XCBuildConfiguration;
			buildSettings = {
				CLANG_ENABLE_OBJC_WEAK = YES;
				FRAMEWORK_SEARCH_PATHS = (
					"$(inherited)",
					"\"$(SRCROOT)\"",
				);
				INFOPLIST_FILE = "mpqfs/mpqfs-Info.plist";
				INSTALL_PATH = "$(HOME)/Applications";
				PREBINDING = NO;
				PRODUCT_BUNDLE_IDENTIFIER = org.macstorm.mpqfs;
				PRODUCT_NAME = mpqfs;
				WRAPPER_EXTENSION = app;
			};
			name = Release;
		};
		314C61020C18B273005BBE02 /* Debug */ = {
			isa = XCBuildConfiguration;
			buildSettings = {
				CLANG_ENABLE_OBJC_WEAK = YES;
				COPY_PHASE_STRIP = NO;
				GCC_DYNAMIC_NO_PIC = NO;
				GCC_GENERATE_DEBUGGING_SYMBOLS = YES;
				GCC_OPTIMIZATION_LEVEL = 0;
				INSTALL_PATH = "$(HOME)/bin";
				LIBRARY_SEARCH_PATHS = /usr/local/opt/openssl/lib;
				OTHER_LDFLAGS = (
					"-framework",
					Foundation,
					"-lcrypto",
				);
				PRODUCT_NAME = mpqdumpsectors;
				WARNING_CFLAGS = "-Wall";
			};
			name = Debug;
		};
		314C61030C18B273005BBE02 /* Release */ = {
			isa = XCBuildConfiguration;
			buildSettings = {
				CLANG_ENABLE_OBJC_WEAK = YES;
				COPY_PHASE_STRIP = YES;
				GCC_GENERATE_DEBUGGING_SYMBOLS = NO;
				INSTALL_PATH = "$(HOME)/bin";
				LIBRARY_SEARCH_PATHS = /usr/local/opt/openssl/lib;
				OTHER_LDFLAGS = (
					"-framework",
					Foundation,
					"-lcrypto",
				);
				PRODUCT_NAME = mpqdumpsectors;
				WARNING_CFLAGS = "-Wall";
			};
			name = Release;
		};
		319980180B4D8B4600D4FE4E /* Debug */ = {
			isa = XCBuildConfiguration;
			buildSettings = {
				CLANG_ENABLE_OBJC_WEAK = YES;
				INSTALL_PATH = "$(HOME)/bin";
				LIBRARY_SEARCH_PATHS = /usr/local/opt/openssl/lib;
				OTHER_LDFLAGS = "-lcrypto";
				PRODUCT_NAME = mpqdump;
			};
			name = Debug;
		};
		319980190B4D8B4600D4FE4E /* Release */ = {
			isa = XCBuildConfiguration;
			buildSettings = {
				CLANG_ENABLE_OBJC_WEAK = YES;
				INSTALL_PATH = "$(HOME)/bin";
				LIBRARY_SEARCH_PATHS = /usr/local/opt/openssl/lib;
				OTHER_LDFLAGS = "-lcrypto";
				PRODUCT_NAME = mpqdump;
			};
			name = Release;
		};
		31A8A5090BC14526001F583D /* Debug */ = {
			isa = XCBuildConfiguration;
			buildSettings = {
				CLANG_ENABLE_OBJC_WEAK = YES;
				HEADER_SEARCH_PATHS = (
					"$(inherited)",
					/usr/local/include/fuse,
				);
				INSTALL_PATH = "$(HOME)/bin";
				LIBRARY_SEARCH_PATHS = (
					"$(inherited)",
					/usr/local/lib,
				);
				MACH_O_TYPE = mh_execute;
				PRODUCT_NAME = mpqfsd;
			};
			name = Debug;
		};
		31A8A50A0BC14526001F583D /* Release */ = {
			isa = XCBuildConfiguration;
			buildSettings = {
				CLANG_ENABLE_OBJC_WEAK = YES;
				HEADER_SEARCH_PATHS = (
					"$(inherited)",
					/usr/local/include/fuse,
				);
				INSTALL_PATH = "$(HOME)/bin";
				LIBRARY_SEARCH_PATHS = (
					"$(inherited)",
					/usr/local/lib,
				);
				MACH_O_TYPE = mh_execute;
				PRODUCT_NAME = mpqfsd;
			};
			name = Release;
		};
		31EB3EFB085CCCD800290137 /* Debug */ = {
			isa = XCBuildConfiguration;
			buildSettings = {
				CLANG_ENABLE_OBJC_WEAK = YES;
				DYLIB_COMPATIBILITY_VERSION = 1;
				DYLIB_CURRENT_VERSION = 1;
				FRAMEWORK_VERSION = A;
				GCC_DYNAMIC_NO_PIC = NO;
				GCC_SYMBOLS_PRIVATE_EXTERN = NO;
				HEADER_SEARCH_PATHS = (
					"${inherited}",
					stormlib2,
				);
				INFOPLIST_FILE = "MPQ-Info.plist";
				INSTALL_PATH = "@executable_path/../Frameworks";
				OTHER_LDFLAGS = (
					"-lz",
					"-lbz2",
					"-lcrypto",
					"-L/usr/local/opt/openssl/lib",
				);
				PRODUCT_BUNDLE_IDENTIFIER = org.macstorm.mpqkit;
				PRODUCT_NAME = MPQKit;
				WRAPPER_EXTENSION = framework;
			};
			name = Debug;
		};
		31EB3EFC085CCCD800290137 /* Release */ = {
			isa = XCBuildConfiguration;
			buildSettings = {
				CLANG_ENABLE_OBJC_WEAK = YES;
				DYLIB_COMPATIBILITY_VERSION = 1;
				DYLIB_CURRENT_VERSION = 1;
				FRAMEWORK_VERSION = A;
				GCC_DYNAMIC_NO_PIC = NO;
				GCC_SYMBOLS_PRIVATE_EXTERN = NO;
				HEADER_SEARCH_PATHS = (
					"${inherited}",
					stormlib2,
				);
				INFOPLIST_FILE = "MPQ-Info.plist";
				INSTALL_PATH = "@executable_path/../Frameworks";
				OTHER_LDFLAGS = (
					"-lz",
					"-lbz2",
					"-lcrypto",
					"-L/usr/local/opt/openssl/lib",
				);
				PRODUCT_BUNDLE_IDENTIFIER = org.macstorm.mpqkit;
				PRODUCT_NAME = MPQKit;
				WRAPPER_EXTENSION = framework;
			};
			name = Release;
		};
		31EB3F01085CCCD800290137 /* Debug */ = {
			isa = XCBuildConfiguration;
			buildSettings = {
				ALWAYS_SEARCH_USER_PATHS = NO;
				CLANG_ENABLE_OBJC_ARC = YES;
				CLANG_WARN_BLOCK_CAPTURE_AUTORELEASING = YES;
				CLANG_WARN_BOOL_CONVERSION = YES;
				CLANG_WARN_COMMA = YES;
				CLANG_WARN_CONSTANT_CONVERSION = YES;
				CLANG_WARN_DEPRECATED_OBJC_IMPLEMENTATIONS = YES;
				CLANG_WARN_EMPTY_BODY = YES;
				CLANG_WARN_ENUM_CONVERSION = YES;
				CLANG_WARN_INFINITE_RECURSION = YES;
				CLANG_WARN_INT_CONVERSION = YES;
				CLANG_WARN_NON_LITERAL_NULL_CONVERSION = YES;
				CLANG_WARN_OBJC_IMPLICIT_RETAIN_SELF = YES;
				CLANG_WARN_OBJC_LITERAL_CONVERSION = YES;
				CLANG_WARN_RANGE_LOOP_ANALYSIS = YES;
				CLANG_WARN_STRICT_PROTOTYPES = YES;
				CLANG_WARN_SUSPICIOUS_MOVE = YES;
				CLANG_WARN_UNREACHABLE_CODE = YES;
				CLANG_WARN__DUPLICATE_METHOD_MATCH = YES;
				DEBUG_INFORMATION_FORMAT = dwarf;
				ENABLE_STRICT_OBJC_MSGSEND = YES;
				ENABLE_TESTABILITY = YES;
				GCC_C_LANGUAGE_STANDARD = c99;
				GCC_GENERATE_DEBUGGING_SYMBOLS = YES;
				GCC_NO_COMMON_BLOCKS = YES;
				GCC_OPTIMIZATION_LEVEL = 0;
				GCC_PREPROCESSOR_DEFINITIONS = DEBUG;
				GCC_TREAT_WARNINGS_AS_ERRORS = NO;
				GCC_WARN_64_TO_32_BIT_CONVERSION = YES;
				GCC_WARN_ABOUT_MISSING_NEWLINE = YES;
				GCC_WARN_ABOUT_MISSING_PROTOTYPES = YES;
				GCC_WARN_ABOUT_RETURN_TYPE = YES;
				GCC_WARN_SIGN_COMPARE = YES;
				GCC_WARN_UNDECLARED_SELECTOR = YES;
				GCC_WARN_UNINITIALIZED_AUTOS = YES;
				GCC_WARN_UNUSED_FUNCTION = YES;
				GCC_WARN_UNUSED_VARIABLE = YES;
				HEADER_SEARCH_PATHS = /usr/local/opt/openssl/include;
				MACOSX_DEPLOYMENT_TARGET = 10.9;
				ONLY_ACTIVE_ARCH = YES;
				SDKROOT = macosx;
			};
			name = Debug;
		};
		31EB3F02085CCCD800290137 /* Release */ = {
			isa = XCBuildConfiguration;
			buildSettings = {
				ALWAYS_SEARCH_USER_PATHS = NO;
				CLANG_ENABLE_OBJC_ARC = YES;
				CLANG_WARN_BLOCK_CAPTURE_AUTORELEASING = YES;
				CLANG_WARN_BOOL_CONVERSION = YES;
				CLANG_WARN_COMMA = YES;
				CLANG_WARN_CONSTANT_CONVERSION = YES;
				CLANG_WARN_DEPRECATED_OBJC_IMPLEMENTATIONS = YES;
				CLANG_WARN_EMPTY_BODY = YES;
				CLANG_WARN_ENUM_CONVERSION = YES;
				CLANG_WARN_INFINITE_RECURSION = YES;
				CLANG_WARN_INT_CONVERSION = YES;
				CLANG_WARN_NON_LITERAL_NULL_CONVERSION = YES;
				CLANG_WARN_OBJC_IMPLICIT_RETAIN_SELF = YES;
				CLANG_WARN_OBJC_LITERAL_CONVERSION = YES;
				CLANG_WARN_RANGE_LOOP_ANALYSIS = YES;
				CLANG_WARN_STRICT_PROTOTYPES = YES;
				CLANG_WARN_SUSPICIOUS_MOVE = YES;
				CLANG_WARN_UNREACHABLE_CODE = YES;
				CLANG_WARN__DUPLICATE_METHOD_MATCH = YES;
				DEBUG_INFORMATION_FORMAT = "dwarf-with-dsym";
				ENABLE_STRICT_OBJC_MSGSEND = YES;
				GCC_C_LANGUAGE_STANDARD = c99;
				GCC_GENERATE_DEBUGGING_SYMBOLS = YES;
				GCC_NO_COMMON_BLOCKS = YES;
				GCC_TREAT_WARNINGS_AS_ERRORS = NO;
				GCC_WARN_64_TO_32_BIT_CONVERSION = YES;
				GCC_WARN_ABOUT_MISSING_NEWLINE = YES;
				GCC_WARN_ABOUT_MISSING_PROTOTYPES = YES;
				GCC_WARN_ABOUT_RETURN_TYPE = YES;
				GCC_WARN_SIGN_COMPARE = YES;
				GCC_WARN_UNDECLARED_SELECTOR = YES;
				GCC_WARN_UNINITIALIZED_AUTOS = YES;
				GCC_WARN_UNUSED_FUNCTION = YES;
				GCC_WARN_UNUSED_VARIABLE = YES;
				HEADER_SEARCH_PATHS = /usr/local/opt/openssl/include;
				MACOSX_DEPLOYMENT_TARGET = 10.9;
				SDKROOT = macosx;
			};
			name = Release;
		};
		31FE1AAE0F4E75FF0046698D /* Debug */ = {
			isa = XCBuildConfiguration;
			buildSettings = {
				CLANG_ENABLE_OBJC_WEAK = YES;
				FRAMEWORK_SEARCH_PATHS = (
					"$(inherited)",
					"\"$(SRCROOT)\"",
				);
				INFOPLIST_FILE = "dropmpq/dropmpq-Info.plist";
				INSTALL_PATH = "$(HOME)/Applications";
				PRODUCT_BUNDLE_IDENTIFIER = "org.macstorm.${PRODUCT_NAME:identifier}";
				PRODUCT_NAME = dropmpq;
			};
			name = Debug;
		};
		31FE1AAF0F4E75FF0046698D /* Release */ = {
			isa = XCBuildConfiguration;
			buildSettings = {
				CLANG_ENABLE_OBJC_WEAK = YES;
				FRAMEWORK_SEARCH_PATHS = (
					"$(inherited)",
					"\"$(SRCROOT)\"",
				);
				INFOPLIST_FILE = "dropmpq/dropmpq-Info.plist";
				INSTALL_PATH = "$(HOME)/Applications";
				PRODUCT_BUNDLE_IDENTIFIER = "org.macstorm.${PRODUCT_NAME:identifier}";
				PRODUCT_NAME = dropmpq;
			};
			name = Release;
		};
/* End XCBuildConfiguration section */

/* Begin XCConfigurationList section */
		310D91870BBECE5100FEA3C5 /* Build configuration list for PBXNativeTarget "mpqfs" */ = {
			isa = XCConfigurationList;
			buildConfigurations = (
				310D91880BBECE5100FEA3C5 /* Debug */,
				310D91890BBECE5100FEA3C5 /* Release */,
			);
			defaultConfigurationIsVisible = 0;
			defaultConfigurationName = Debug;
		};
		314C61010C18B273005BBE02 /* Build configuration list for PBXNativeTarget "mpqdumpsectors" */ = {
			isa = XCConfigurationList;
			buildConfigurations = (
				314C61020C18B273005BBE02 /* Debug */,
				314C61030C18B273005BBE02 /* Release */,
			);
			defaultConfigurationIsVisible = 0;
			defaultConfigurationName = Debug;
		};
		319980170B4D8B4600D4FE4E /* Build configuration list for PBXNativeTarget "mpqdump" */ = {
			isa = XCConfigurationList;
			buildConfigurations = (
				319980180B4D8B4600D4FE4E /* Debug */,
				319980190B4D8B4600D4FE4E /* Release */,
			);
			defaultConfigurationIsVisible = 0;
			defaultConfigurationName = Debug;
		};
		31A8A5080BC14526001F583D /* Build configuration list for PBXNativeTarget "mpqfsd" */ = {
			isa = XCConfigurationList;
			buildConfigurations = (
				31A8A5090BC14526001F583D /* Debug */,
				31A8A50A0BC14526001F583D /* Release */,
			);
			defaultConfigurationIsVisible = 0;
			defaultConfigurationName = Debug;
		};
		31EB3EFA085CCCD800290137 /* Build configuration list for PBXNativeTarget "MPQKit" */ = {
			isa = XCConfigurationList;
			buildConfigurations = (
				31EB3EFB085CCCD800290137 /* Debug */,
				31EB3EFC085CCCD800290137 /* Release */,
			);
			defaultConfigurationIsVisible = 0;
			defaultConfigurationName = Debug;
		};
		31EB3F00085CCCD800290137 /* Build configuration list for PBXProject "MPQKit" */ = {
			isa = XCConfigurationList;
			buildConfigurations = (
				31EB3F01085CCCD800290137 /* Debug */,
				31EB3F02085CCCD800290137 /* Release */,
			);
			defaultConfigurationIsVisible = 0;
			defaultConfigurationName = Debug;
		};
		31FE1AB00F4E75FF0046698D /* Build configuration list for PBXNativeTarget "dropmpq" */ = {
			isa = XCConfigurationList;
			buildConfigurations = (
				31FE1AAE0F4E75FF0046698D /* Debug */,
				31FE1AAF0F4E75FF0046698D /* Release */,
			);
			defaultConfigurationIsVisible = 0;
			defaultConfigurationName = Debug;
		};
/* End XCConfigurationList section */
	};
	rootObject = 0867D690FE84028FC02AAC07 /* Project object */;
}
